<?xml version="1.0" encoding="utf-8"?>
<Project ToolsVersion="4.0" xmlns="http://schemas.microsoft.com/developer/msbuild/2003">
  <ItemGroup>
    <Filter Include="test">
      <UniqueIdentifier>{aced9caa-5849-44df-b3d5-1d36769c5c2b}</UniqueIdentifier>
    </Filter>
    <Filter Include="jian">
      <UniqueIdentifier>{70b63635-fd16-47d8-a4fd-1124fd53b21f}</UniqueIdentifier>
    </Filter>
    <Filter Include="jian\utils">
      <UniqueIdentifier>{6fb41ddf-618f-4015-88d4-da5420b04ea4}</UniqueIdentifier>
    </Filter>
    <Filter Include="jian\mcsm">
      <UniqueIdentifier>{bbf12580-3340-41ff-9207-149ca7bce097}</UniqueIdentifier>
    </Filter>
    <Filter Include="jian\pdb">
      <UniqueIdentifier>{7a6de894-f650-428b-a30e-4acfe5d011e7}</UniqueIdentifier>
    </Filter>
    <Filter Include="jian\pdb\utils">
      <UniqueIdentifier>{9fae4d25-96e9-4a7f-97f8-4f8f1826c74f}</UniqueIdentifier>
    </Filter>
    <Filter Include="jian\nuc2d">
      <UniqueIdentifier>{66c6d0fe-4087-4266-a574-6daf057b4eeb}</UniqueIdentifier>
    </Filter>
    <Filter Include="jian\nuc3d">
      <UniqueIdentifier>{1fa72d1b-a1f9-487a-b6fa-f119220d5808}</UniqueIdentifier>
    </Filter>
    <Filter Include="jian\dg">
      <UniqueIdentifier>{ebce5749-52ff-453a-9d98-9be5c78b29dd}</UniqueIdentifier>
    </Filter>
    <Filter Include="jian\qhmc">
      <UniqueIdentifier>{99192031-8c06-474e-8183-079960e52c5d}</UniqueIdentifier>
    </Filter>
    <Filter Include="jian\dhmc">
      <UniqueIdentifier>{f8e111cb-3ee5-4de8-be39-4b02b4ade58a}</UniqueIdentifier>
    </Filter>
    <Filter Include="jian\thmc">
      <UniqueIdentifier>{90f18d09-7419-4ca6-a446-742c62aa2378}</UniqueIdentifier>
    </Filter>
    <Filter Include="jian\mc">
      <UniqueIdentifier>{1f6fa645-1d39-42fd-81d8-53ede84343c3}</UniqueIdentifier>
    </Filter>
    <Filter Include="jian\matrix">
      <UniqueIdentifier>{d8489239-39d4-4914-85e7-88171c7d8e3c}</UniqueIdentifier>
    </Filter>
    <Filter Include="jian\geom">
      <UniqueIdentifier>{da4e4d56-72b4-4206-ae46-98b5521d5880}</UniqueIdentifier>
    </Filter>
    <Filter Include="jian\cg">
      <UniqueIdentifier>{d8330d9b-b2c8-4aa7-9725-b904136b9719}</UniqueIdentifier>
    </Filter>
    <Filter Include="jian\dca">
      <UniqueIdentifier>{848a9bf7-3822-4007-8805-476defe84ebd}</UniqueIdentifier>
    </Filter>
    <Filter Include="jian\lrsp">
      <UniqueIdentifier>{d685de59-ba35-4a45-b627-f781ff0b3892}</UniqueIdentifier>
    </Filter>
    <Filter Include="jian\mpl">
      <UniqueIdentifier>{c2cb8a13-e6de-4e7a-acc1-ed9997e0da69}</UniqueIdentifier>
    </Filter>
    <Filter Include="jian\md">
      <UniqueIdentifier>{2b051884-028b-4ddb-9322-d13a2a533ad6}</UniqueIdentifier>
    </Filter>
    <Filter Include="jian\scoring">
      <UniqueIdentifier>{bd7fa99d-4810-48f0-9149-e7068c554bab}</UniqueIdentifier>
    </Filter>
    <Filter Include="jian\script">
      <UniqueIdentifier>{3edabe29-5cb4-44ef-a0a8-126290863fb4}</UniqueIdentifier>
    </Filter>
    <Filter Include="jian\socket">
      <UniqueIdentifier>{3e076a63-75ed-4c37-915a-c1e342e19ff6}</UniqueIdentifier>
    </Filter>
    <Filter Include="jian\mpi">
      <UniqueIdentifier>{cc71e4f0-aed7-44f7-83fb-6d9e5ce120d9}</UniqueIdentifier>
    </Filter>
    <Filter Include="jian\pp">
      <UniqueIdentifier>{cafb40d3-f478-4502-a546-915446e7323a}</UniqueIdentifier>
    </Filter>
  </ItemGroup>
  <ItemGroup>
    <ClCompile Include="main.cpp">
      <Filter>test</Filter>
    </ClCompile>
    <ClCompile Include="test_file.cpp">
      <Filter>test</Filter>
    </ClCompile>
    <ClCompile Include="test_list.cpp">
      <Filter>test</Filter>
    </ClCompile>
    <ClCompile Include="test_tree.cpp">
      <Filter>test</Filter>
    </ClCompile>
    <ClCompile Include="test_sstree.cpp">
      <Filter>test</Filter>
    </ClCompile>
    <ClCompile Include="test_assemble.cpp">
      <Filter>test</Filter>
    </ClCompile>
    <ClCompile Include="..\lib\jian\utils\DBSCAN.cpp">
      <Filter>jian\utils</Filter>
    </ClCompile>
    <ClCompile Include="..\lib\jian\utils\Env.cpp">
      <Filter>jian\utils</Filter>
    </ClCompile>
    <ClCompile Include="..\lib\jian\utils\file.cpp">
      <Filter>jian\utils</Filter>
    </ClCompile>
    <ClCompile Include="..\lib\jian\utils\KMeans.cpp">
      <Filter>jian\utils</Filter>
    </ClCompile>
    <ClCompile Include="..\lib\jian\utils\Par.cpp">
      <Filter>jian\utils</Filter>
    </ClCompile>
    <ClCompile Include="..\lib\jian\utils\rand.cpp">
      <Filter>jian\utils</Filter>
    </ClCompile>
    <ClCompile Include="..\lib\jian\utils\string.cpp">
      <Filter>jian\utils</Filter>
    </ClCompile>
    <ClCompile Include="..\lib\jian\mcsm\McsmBase.cpp">
      <Filter>jian\mcsm</Filter>
    </ClCompile>
    <ClCompile Include="..\lib\jian\mcsm\MCSM.cpp">
      <Filter>jian\mcsm</Filter>
    </ClCompile>
    <ClCompile Include="..\lib\jian\pdb\Atom.cpp">
      <Filter>jian\pdb</Filter>
    </ClCompile>
    <ClCompile Include="..\lib\jian\pdb\CifFileParser.cpp">
      <Filter>jian\pdb</Filter>
    </ClCompile>
    <ClCompile Include="..\lib\jian\pdb\io.cpp">
      <Filter>jian\pdb</Filter>
    </ClCompile>
    <ClCompile Include="..\lib\jian\pdb\MolParser.cpp">
      <Filter>jian\pdb</Filter>
    </ClCompile>
    <ClCompile Include="..\lib\jian\pdb\names.cpp">
      <Filter>jian\pdb</Filter>
    </ClCompile>
    <ClCompile Include="..\lib\jian\pdb\PdbFileParser.cpp">
      <Filter>jian\pdb</Filter>
    </ClCompile>
    <ClCompile Include="..\lib\jian\pdb\Residue.cpp">
      <Filter>jian\pdb</Filter>
    </ClCompile>
    <ClCompile Include="..\lib\jian\pdb\RNA.cpp">
      <Filter>jian\pdb</Filter>
    </ClCompile>
    <ClCompile Include="..\lib\jian\pdb\utils\cluster_chains.cpp">
      <Filter>jian\pdb\utils</Filter>
    </ClCompile>
    <ClCompile Include="..\lib\jian\nuc2d\NASS.cpp">
      <Filter>jian\nuc2d</Filter>
    </ClCompile>
    <ClCompile Include="..\lib\jian\nuc2d\SSTree.cpp">
      <Filter>jian\nuc2d</Filter>
    </ClCompile>
    <ClCompile Include="..\lib\jian\nuc2d\ss_pred.cpp">
      <Filter>jian\nuc2d</Filter>
    </ClCompile>
    <ClCompile Include="..\lib\jian\nuc3d\Assemble.cpp">
      <Filter>jian\nuc3d</Filter>
    </ClCompile>
    <ClCompile Include="..\lib\jian\nuc3d\BuildHelix.cpp">
      <Filter>jian\nuc3d</Filter>
    </ClCompile>
    <ClCompile Include="..\lib\jian\nuc3d\BuildLoopDG.cpp">
      <Filter>jian\nuc3d</Filter>
    </ClCompile>
    <ClCompile Include="..\lib\jian\nuc3d\BuildLoopRaw.cpp">
      <Filter>jian\nuc3d</Filter>
    </ClCompile>
    <ClCompile Include="..\lib\jian\nuc3d\Constraints.cpp">
      <Filter>jian\nuc3d</Filter>
    </ClCompile>
    <ClCompile Include="..\lib\jian\nuc3d\Convert.cpp">
      <Filter>jian\nuc3d</Filter>
    </ClCompile>
    <ClCompile Include="..\lib\jian\nuc3d\Format.cpp">
      <Filter>jian\nuc3d</Filter>
    </ClCompile>
    <ClCompile Include="..\lib\jian\nuc3d\HelixPar.cpp">
      <Filter>jian\nuc3d</Filter>
    </ClCompile>
    <ClCompile Include="..\lib\jian\nuc3d\SampleLoop.cpp">
      <Filter>jian\nuc3d</Filter>
    </ClCompile>
    <ClCompile Include="..\lib\jian\nuc3d\TSP.cpp">
      <Filter>jian\nuc3d</Filter>
    </ClCompile>
    <ClCompile Include="..\lib\jian\nuc3d\ParseHelix.cpp">
      <Filter>jian\nuc3d</Filter>
    </ClCompile>
    <ClCompile Include="..\lib\jian\nuc3d\split.cpp">
      <Filter>jian\nuc3d</Filter>
    </ClCompile>
    <ClCompile Include="..\lib\jian\nuc3d\TemplRec.cpp">
      <Filter>jian\nuc3d</Filter>
    </ClCompile>
    <ClCompile Include="..\lib\jian\nuc3d\transform.cpp">
      <Filter>jian\nuc3d</Filter>
    </ClCompile>
    <ClCompile Include="..\lib\jian\dg\DG.cpp">
      <Filter>jian\dg</Filter>
    </ClCompile>
    <ClCompile Include="..\lib\jian\dg\DihBound.cpp">
      <Filter>jian\dg</Filter>
    </ClCompile>
    <ClCompile Include="..\lib\jian\dg\Gradient.cpp">
      <Filter>jian\dg</Filter>
    </ClCompile>
    <ClCompile Include="..\lib\jian\dg\smooth.cpp">
      <Filter>jian\dg</Filter>
    </ClCompile>
    <ClCompile Include="..\lib\jian\qhmc\HeadHairpin.cpp">
      <Filter>jian\qhmc</Filter>
    </ClCompile>
    <ClCompile Include="..\lib\jian\qhmc\Helix.cpp">
      <Filter>jian\qhmc</Filter>
    </ClCompile>
    <ClCompile Include="..\lib\jian\qhmc\Loop.cpp">
      <Filter>jian\qhmc</Filter>
    </ClCompile>
    <ClCompile Include="..\lib\jian\qhmc\Module.cpp">
      <Filter>jian\qhmc</Filter>
    </ClCompile>
    <ClCompile Include="..\lib\jian\qhmc\TailHairpin.cpp">
      <Filter>jian\qhmc</Filter>
    </ClCompile>
    <ClCompile Include="..\lib\jian\dhmc\DHMC.cpp">
      <Filter>jian\dhmc</Filter>
    </ClCompile>
    <ClCompile Include="..\lib\jian\thmc\THeadHairpin.cpp">
      <Filter>jian\thmc</Filter>
    </ClCompile>
    <ClCompile Include="..\lib\jian\thmc\THelix.cpp">
      <Filter>jian\thmc</Filter>
    </ClCompile>
    <ClCompile Include="..\lib\jian\thmc\TLoop.cpp">
      <Filter>jian\thmc</Filter>
    </ClCompile>
    <ClCompile Include="..\lib\jian\thmc\TModule.cpp">
      <Filter>jian\thmc</Filter>
    </ClCompile>
    <ClCompile Include="..\lib\jian\thmc\TTailHairpin.cpp">
      <Filter>jian\thmc</Filter>
    </ClCompile>
    <ClCompile Include="..\lib\jian\mc\MC.cpp">
      <Filter>jian\mc</Filter>
    </ClCompile>
    <ClCompile Include="..\lib\jian\matrix\Mat4.cpp">
      <Filter>jian\matrix</Filter>
    </ClCompile>
    <ClCompile Include="..\lib\jian\matrix\Mat5.cpp">
      <Filter>jian\matrix</Filter>
    </ClCompile>
    <ClCompile Include="..\lib\jian\matrix\MatBase.hpp">
      <Filter>jian\matrix</Filter>
    </ClCompile>
    <ClCompile Include="..\lib\jian\cg\CG.cpp">
      <Filter>jian\cg</Filter>
    </ClCompile>
    <ClCompile Include="..\lib\jian\cg\CG1p.cpp">
      <Filter>jian\cg</Filter>
    </ClCompile>
    <ClCompile Include="..\lib\jian\cg\CG6p.cpp">
      <Filter>jian\cg</Filter>
    </ClCompile>
    <ClCompile Include="..\lib\jian\cg\CGaa.cpp">
      <Filter>jian\cg</Filter>
    </ClCompile>
    <ClCompile Include="..\lib\jian\cg\CGpsb.cpp">
      <Filter>jian\cg</Filter>
    </ClCompile>
    <ClCompile Include="..\lib\jian\cg\CompleteResidue.cpp">
      <Filter>jian\cg</Filter>
    </ClCompile>
    <ClCompile Include="..\lib\jian\cg\Frags.cpp">
      <Filter>jian\cg</Filter>
    </ClCompile>
    <ClCompile Include="..\lib\jian\dca\Dca.cpp">
      <Filter>jian\dca</Filter>
    </ClCompile>
    <ClCompile Include="..\lib\jian\dca\MfDca.cpp">
      <Filter>jian\dca</Filter>
    </ClCompile>
    <ClCompile Include="..\lib\jian\dca\MpDca.cpp">
      <Filter>jian\dca</Filter>
    </ClCompile>
    <ClCompile Include="..\lib\jian\dca\ss_pairs.cpp">
      <Filter>jian\dca</Filter>
    </ClCompile>
    <ClCompile Include="..\lib\jian\lrsp\ss_complete.cpp">
      <Filter>jian\lrsp</Filter>
    </ClCompile>
    <ClCompile Include="..\lib\jian\lrsp\ss_del_sm_hp.cpp">
      <Filter>jian\lrsp</Filter>
    </ClCompile>
    <ClCompile Include="..\lib\jian\lrsp\ss_hp_pred.cpp">
      <Filter>jian\lrsp</Filter>
    </ClCompile>
    <ClCompile Include="..\lib\jian\scoring\DihAnal.cpp">
      <Filter>jian\scoring</Filter>
    </ClCompile>
    <ClCompile Include="..\lib\jian\scoring\DistAnal.cpp">
      <Filter>jian\scoring</Filter>
    </ClCompile>
    <ClCompile Include="..\lib\jian\scoring\new_score.cpp">
      <Filter>jian\scoring</Filter>
    </ClCompile>
    <ClCompile Include="..\lib\jian\scoring\ParBp.cpp">
      <Filter>jian\scoring</Filter>
    </ClCompile>
    <ClCompile Include="..\lib\jian\scoring\Score.cpp">
      <Filter>jian\scoring</Filter>
    </ClCompile>
    <ClCompile Include="..\lib\jian\scoring\Score1p.cpp">
      <Filter>jian\scoring</Filter>
    </ClCompile>
    <ClCompile Include="..\lib\jian\scoring\Score6p.cpp">
      <Filter>jian\scoring</Filter>
    </ClCompile>
    <ClCompile Include="..\lib\jian\scoring\ScoreAa.cpp">
      <Filter>jian\scoring</Filter>
    </ClCompile>
    <ClCompile Include="..\lib\jian\scoring\ScorePsb.cpp">
      <Filter>jian\scoring</Filter>
    </ClCompile>
    <ClCompile Include="..\lib\jian\mpi\MPI.cpp">
      <Filter>jian\mpi</Filter>
    </ClCompile>
  </ItemGroup>
  <ItemGroup>
    <ClInclude Include="UnitTest.hpp">
      <Filter>test</Filter>
    </ClInclude>
    <ClInclude Include="..\lib\jian\cg.hpp">
      <Filter>jian</Filter>
    </ClInclude>
    <ClInclude Include="..\lib\jian\dca.hpp">
      <Filter>jian</Filter>
    </ClInclude>
    <ClInclude Include="..\lib\jian\dg.hpp">
      <Filter>jian</Filter>
    </ClInclude>
    <ClInclude Include="..\lib\jian\dhmc.hpp">
      <Filter>jian</Filter>
    </ClInclude>
    <ClInclude Include="..\lib\jian\geom.hpp">
      <Filter>jian</Filter>
    </ClInclude>
    <ClInclude Include="..\lib\jian\jian.hpp">
      <Filter>jian</Filter>
    </ClInclude>
    <ClInclude Include="..\lib\jian\matrix.hpp">
      <Filter>jian</Filter>
    </ClInclude>
    <ClInclude Include="..\lib\jian\mc.hpp">
      <Filter>jian</Filter>
    </ClInclude>
    <ClInclude Include="..\lib\jian\mcsm.hpp">
      <Filter>jian</Filter>
    </ClInclude>
    <ClInclude Include="..\lib\jian\md.hpp">
      <Filter>jian</Filter>
    </ClInclude>
    <ClInclude Include="..\lib\jian\mpi.hpp">
      <Filter>jian</Filter>
    </ClInclude>
    <ClInclude Include="..\lib\jian\mpl.hpp">
      <Filter>jian</Filter>
    </ClInclude>
    <ClInclude Include="..\lib\jian\nuc2d.hpp">
      <Filter>jian</Filter>
    </ClInclude>
    <ClInclude Include="..\lib\jian\nuc3d.hpp">
      <Filter>jian</Filter>
    </ClInclude>
    <ClInclude Include="..\lib\jian\pdb.hpp">
      <Filter>jian</Filter>
    </ClInclude>
    <ClInclude Include="..\lib\jian\pp.hpp">
      <Filter>jian</Filter>
    </ClInclude>
    <ClInclude Include="..\lib\jian\qhmc.hpp">
      <Filter>jian</Filter>
    </ClInclude>
    <ClInclude Include="..\lib\jian\scoring.hpp">
      <Filter>jian</Filter>
    </ClInclude>
    <ClInclude Include="..\lib\jian\script.hpp">
      <Filter>jian</Filter>
    </ClInclude>
    <ClInclude Include="..\lib\jian\socket.hpp">
      <Filter>jian</Filter>
    </ClInclude>
    <ClInclude Include="..\lib\jian\thmc.hpp">
      <Filter>jian</Filter>
    </ClInclude>
    <ClInclude Include="..\lib\jian\utils.hpp">
      <Filter>jian</Filter>
    </ClInclude>
    <ClInclude Include="..\lib\jian\utils\Cluster.hpp">
      <Filter>jian\utils</Filter>
    </ClInclude>
    <ClInclude Include="..\lib\jian\utils\control.hpp">
      <Filter>jian\utils</Filter>
    </ClInclude>
    <ClInclude Include="..\lib\jian\utils\DBSCAN.hpp">
      <Filter>jian\utils</Filter>
    </ClInclude>
    <ClInclude Include="..\lib\jian\utils\Debug.hpp">
      <Filter>jian\utils</Filter>
    </ClInclude>
    <ClInclude Include="..\lib\jian\utils\Env.hpp">
      <Filter>jian\utils</Filter>
    </ClInclude>
    <ClInclude Include="..\lib\jian\utils\exception.hpp">
      <Filter>jian\utils</Filter>
    </ClInclude>
    <ClInclude Include="..\lib\jian\utils\Factory.hpp">
      <Filter>jian\utils</Filter>
    </ClInclude>
    <ClInclude Include="..\lib\jian\utils\file.hpp">
      <Filter>jian\utils</Filter>
    </ClInclude>
    <ClInclude Include="..\lib\jian\utils\FSM.hpp">
      <Filter>jian\utils</Filter>
    </ClInclude>
    <ClInclude Include="..\lib\jian\utils\fun.hpp">
      <Filter>jian\utils</Filter>
    </ClInclude>
    <ClInclude Include="..\lib\jian\utils\KMeans.hpp">
      <Filter>jian\utils</Filter>
    </ClInclude>
    <ClInclude Include="..\lib\jian\utils\lexical_cast.hpp">
      <Filter>jian\utils</Filter>
    </ClInclude>
    <ClInclude Include="..\lib\jian\utils\Lib.hpp">
      <Filter>jian\utils</Filter>
    </ClInclude>
    <ClInclude Include="..\lib\jian\utils\ListRange.hpp">
      <Filter>jian\utils</Filter>
    </ClInclude>
    <ClInclude Include="..\lib\jian\utils\log.hpp">
      <Filter>jian\utils</Filter>
    </ClInclude>
    <ClInclude Include="..\lib\jian\utils\ls.hpp">
      <Filter>jian\utils</Filter>
    </ClInclude>
    <ClInclude Include="..\lib\jian\utils\math.hpp">
      <Filter>jian\utils</Filter>
    </ClInclude>
    <ClInclude Include="..\lib\jian\utils\Par.hpp">
      <Filter>jian\utils</Filter>
    </ClInclude>
    <ClInclude Include="..\lib\jian\utils\platform.hpp">
      <Filter>jian\utils</Filter>
    </ClInclude>
    <ClInclude Include="..\lib\jian\utils\queue.h">
      <Filter>jian\utils</Filter>
    </ClInclude>
    <ClInclude Include="..\lib\jian\utils\rand.hpp">
      <Filter>jian\utils</Filter>
    </ClInclude>
    <ClInclude Include="..\lib\jian\utils\Range.hpp">
      <Filter>jian\utils</Filter>
    </ClInclude>
    <ClInclude Include="..\lib\jian\utils\Serial.hpp">
      <Filter>jian\utils</Filter>
    </ClInclude>
    <ClInclude Include="..\lib\jian\utils\string.hpp">
      <Filter>jian\utils</Filter>
    </ClInclude>
    <ClInclude Include="..\lib\jian\utils\Time.hpp">
      <Filter>jian\utils</Filter>
    </ClInclude>
    <ClInclude Include="..\lib\jian\utils\Trace.hpp">
      <Filter>jian\utils</Filter>
    </ClInclude>
    <ClInclude Include="..\lib\jian\utils\traits.hpp">
      <Filter>jian\utils</Filter>
    </ClInclude>
    <ClInclude Include="..\lib\jian\utils\tree.h">
      <Filter>jian\utils</Filter>
    </ClInclude>
    <ClInclude Include="..\lib\jian\utils\Tree.hpp">
      <Filter>jian\utils</Filter>
    </ClInclude>
    <ClInclude Include="..\lib\jian\utils\Entity.hpp">
      <Filter>jian\utils</Filter>
    </ClInclude>
    <ClInclude Include="..\lib\jian\mcsm\MCSM.hpp">
      <Filter>jian\mcsm</Filter>
    </ClInclude>
    <ClInclude Include="..\lib\jian\mcsm\McsmBase.hpp">
      <Filter>jian\mcsm</Filter>
    </ClInclude>
    <ClInclude Include="..\lib\jian\pdb\Atom.hpp">
      <Filter>jian\pdb</Filter>
    </ClInclude>
    <ClInclude Include="..\lib\jian\pdb\Chain.hpp">
      <Filter>jian\pdb</Filter>
    </ClInclude>
    <ClInclude Include="..\lib\jian\pdb\CifFileParser.hpp">
      <Filter>jian\pdb</Filter>
    </ClInclude>
    <ClInclude Include="..\lib\jian\pdb\io.hpp">
      <Filter>jian\pdb</Filter>
    </ClInclude>
    <ClInclude Include="..\lib\jian\pdb\Model.hpp">
      <Filter>jian\pdb</Filter>
    </ClInclude>
    <ClInclude Include="..\lib\jian\pdb\Molecule.hpp">
      <Filter>jian\pdb</Filter>
    </ClInclude>
    <ClInclude Include="..\lib\jian\pdb\molmanip.hpp">
      <Filter>jian\pdb</Filter>
    </ClInclude>
    <ClInclude Include="..\lib\jian\pdb\MolParser.hpp">
      <Filter>jian\pdb</Filter>
    </ClInclude>
    <ClInclude Include="..\lib\jian\pdb\MolSerial.hpp">
      <Filter>jian\pdb</Filter>
    </ClInclude>
    <ClInclude Include="..\lib\jian\pdb\names.hpp">
      <Filter>jian\pdb</Filter>
    </ClInclude>
    <ClInclude Include="..\lib\jian\pdb\PdbFileParser.hpp">
      <Filter>jian\pdb</Filter>
    </ClInclude>
    <ClInclude Include="..\lib\jian\pdb\Residue.hpp">
      <Filter>jian\pdb</Filter>
    </ClInclude>
    <ClInclude Include="..\lib\jian\pdb\RNA.hpp">
      <Filter>jian\pdb</Filter>
    </ClInclude>
    <ClInclude Include="..\lib\jian\pdb\utils\cluster_chains.hpp">
      <Filter>jian\pdb\utils</Filter>
    </ClInclude>
    <ClInclude Include="..\lib\jian\nuc2d\bp.hpp">
      <Filter>jian\nuc2d</Filter>
    </ClInclude>
    <ClInclude Include="..\lib\jian\nuc2d\BuildSST.hpp">
      <Filter>jian\nuc2d</Filter>
    </ClInclude>
    <ClInclude Include="..\lib\jian\nuc2d\GetSS.hpp">
      <Filter>jian\nuc2d</Filter>
    </ClInclude>
    <ClInclude Include="..\lib\jian\nuc2d\helix.hpp">
      <Filter>jian\nuc2d</Filter>
    </ClInclude>
    <ClInclude Include="..\lib\jian\nuc2d\Loop.hpp">
      <Filter>jian\nuc2d</Filter>
    </ClInclude>
    <ClInclude Include="..\lib\jian\nuc2d\SSE.hpp">
      <Filter>jian\nuc2d</Filter>
    </ClInclude>
    <ClInclude Include="..\lib\jian\nuc2d\MergeRings.hpp">
      <Filter>jian\nuc2d</Filter>
    </ClInclude>
    <ClInclude Include="..\lib\jian\nuc2d\NASS.hpp">
      <Filter>jian\nuc2d</Filter>
    </ClInclude>
    <ClInclude Include="..\lib\jian\nuc2d\PredQuaSS.hpp">
      <Filter>jian\nuc2d</Filter>
    </ClInclude>
    <ClInclude Include="..\lib\jian\nuc2d\PredTriSS.hpp">
      <Filter>jian\nuc2d</Filter>
    </ClInclude>
    <ClInclude Include="..\lib\jian\nuc2d\res.hpp">
      <Filter>jian\nuc2d</Filter>
    </ClInclude>
    <ClInclude Include="..\lib\jian\nuc2d\SST.hpp">
      <Filter>jian\nuc2d</Filter>
    </ClInclude>
    <ClInclude Include="..\lib\jian\nuc2d\SSTree.hpp">
      <Filter>jian\nuc2d</Filter>
    </ClInclude>
    <ClInclude Include="..\lib\jian\nuc2d\ss_pred.hpp">
      <Filter>jian\nuc2d</Filter>
    </ClInclude>
    <ClInclude Include="..\lib\jian\nuc3d\AddPhos.hpp">
      <Filter>jian\nuc3d</Filter>
    </ClInclude>
    <ClInclude Include="..\lib\jian\nuc3d\Assemble.hpp">
      <Filter>jian\nuc3d</Filter>
    </ClInclude>
    <ClInclude Include="..\lib\jian\nuc3d\BasicPredict3D.hpp">
      <Filter>jian\nuc3d</Filter>
    </ClInclude>
    <ClInclude Include="..\lib\jian\nuc3d\BuildChain.hpp">
      <Filter>jian\nuc3d</Filter>
    </ClInclude>
    <ClInclude Include="..\lib\jian\nuc3d\BuildHelix.hpp">
      <Filter>jian\nuc3d</Filter>
    </ClInclude>
    <ClInclude Include="..\lib\jian\nuc3d\BuildLoopRaw.hpp">
      <Filter>jian\nuc3d</Filter>
    </ClInclude>
    <ClInclude Include="..\lib\jian\nuc3d\BuildLoopDG.hpp">
      <Filter>jian\nuc3d</Filter>
    </ClInclude>
    <ClInclude Include="..\lib\jian\nuc3d\BuildNuc.hpp">
      <Filter>jian\nuc3d</Filter>
    </ClInclude>
    <ClInclude Include="..\lib\jian\nuc3d\BuildStrand.hpp">
      <Filter>jian\nuc3d</Filter>
    </ClInclude>
    <ClInclude Include="..\lib\jian\nuc3d\Connect.hpp">
      <Filter>jian\nuc3d</Filter>
    </ClInclude>
    <ClInclude Include="..\lib\jian\nuc3d\Constraints.hpp">
      <Filter>jian\nuc3d</Filter>
    </ClInclude>
    <ClInclude Include="..\lib\jian\nuc3d\Convert.hpp">
      <Filter>jian\nuc3d</Filter>
    </ClInclude>
    <ClInclude Include="..\lib\jian\nuc3d\Format.hpp">
      <Filter>jian\nuc3d</Filter>
    </ClInclude>
    <ClInclude Include="..\lib\jian\nuc3d\HelixPar.hpp">
      <Filter>jian\nuc3d</Filter>
    </ClInclude>
    <ClInclude Include="..\lib\jian\nuc3d\SampleLoop.hpp">
      <Filter>jian\nuc3d</Filter>
    </ClInclude>
    <ClInclude Include="..\lib\jian\nuc3d\TSP.hpp">
      <Filter>jian\nuc3d</Filter>
    </ClInclude>
    <ClInclude Include="..\lib\jian\nuc3d\JointHelix.hpp">
      <Filter>jian\nuc3d</Filter>
    </ClInclude>
    <ClInclude Include="..\lib\jian\nuc3d\ParseHelix.hpp">
      <Filter>jian\nuc3d</Filter>
    </ClInclude>
    <ClInclude Include="..\lib\jian\nuc3d\REMCpsb.hpp">
      <Filter>jian\nuc3d</Filter>
    </ClInclude>
    <ClInclude Include="..\lib\jian\nuc3d\split.hpp">
      <Filter>jian\nuc3d</Filter>
    </ClInclude>
    <ClInclude Include="..\lib\jian\nuc3d\SplitModel.hpp">
      <Filter>jian\nuc3d</Filter>
    </ClInclude>
    <ClInclude Include="..\lib\jian\nuc3d\TemplRec.hpp">
      <Filter>jian\nuc3d</Filter>
    </ClInclude>
    <ClInclude Include="..\lib\jian\nuc3d\transform.hpp">
      <Filter>jian\nuc3d</Filter>
    </ClInclude>
    <ClInclude Include="..\lib\jian\dg\CG-dev.hpp">
      <Filter>jian\dg</Filter>
    </ClInclude>
    <ClInclude Include="..\lib\jian\dg\CG.hpp">
      <Filter>jian\dg</Filter>
    </ClInclude>
    <ClInclude Include="..\lib\jian\dg\Constraints.hpp">
      <Filter>jian\dg</Filter>
    </ClInclude>
    <ClInclude Include="..\lib\jian\dg\DG.hpp">
      <Filter>jian\dg</Filter>
    </ClInclude>
    <ClInclude Include="..\lib\jian\dg\DGImpl.hpp">
      <Filter>jian\dg</Filter>
    </ClInclude>
    <ClInclude Include="..\lib\jian\dg\DihBound.hpp">
      <Filter>jian\dg</Filter>
    </ClInclude>
    <ClInclude Include="..\lib\jian\dg\Gradient.hpp">
      <Filter>jian\dg</Filter>
    </ClInclude>
    <ClInclude Include="..\lib\jian\dg\Job.hpp">
      <Filter>jian\dg</Filter>
    </ClInclude>
    <ClInclude Include="..\lib\jian\dg\MC.hpp">
      <Filter>jian\dg</Filter>
    </ClInclude>
    <ClInclude Include="..\lib\jian\dg\Move.hpp">
      <Filter>jian\dg</Filter>
    </ClInclude>
    <ClInclude Include="..\lib\jian\dg\smooth.hpp">
      <Filter>jian\dg</Filter>
    </ClInclude>
    <ClInclude Include="..\lib\jian\dg\Sys.hpp">
      <Filter>jian\dg</Filter>
    </ClInclude>
    <ClInclude Include="..\lib\jian\dg\TestMC.hpp">
      <Filter>jian\dg</Filter>
    </ClInclude>
    <ClInclude Include="..\lib\jian\dg\_DG.hpp">
      <Filter>jian\dg</Filter>
    </ClInclude>
    <ClInclude Include="..\lib\jian\qhmc\HeadHairpin.hpp">
      <Filter>jian\qhmc</Filter>
    </ClInclude>
    <ClInclude Include="..\lib\jian\qhmc\Helix.hpp">
      <Filter>jian\qhmc</Filter>
    </ClInclude>
    <ClInclude Include="..\lib\jian\qhmc\Loop.hpp">
      <Filter>jian\qhmc</Filter>
    </ClInclude>
    <ClInclude Include="..\lib\jian\qhmc\Module.hpp">
      <Filter>jian\qhmc</Filter>
    </ClInclude>
    <ClInclude Include="..\lib\jian\qhmc\QHMC.hpp">
      <Filter>jian\qhmc</Filter>
    </ClInclude>
    <ClInclude Include="..\lib\jian\qhmc\TailHairpin.hpp">
      <Filter>jian\qhmc</Filter>
    </ClInclude>
    <ClInclude Include="..\lib\jian\dhmc\DHMC.hpp">
      <Filter>jian\dhmc</Filter>
    </ClInclude>
    <ClInclude Include="..\lib\jian\thmc\THeadHairpin.hpp">
      <Filter>jian\thmc</Filter>
    </ClInclude>
    <ClInclude Include="..\lib\jian\thmc\THelix.hpp">
      <Filter>jian\thmc</Filter>
    </ClInclude>
    <ClInclude Include="..\lib\jian\thmc\THMC.hpp">
      <Filter>jian\thmc</Filter>
    </ClInclude>
    <ClInclude Include="..\lib\jian\thmc\TLoop.hpp">
      <Filter>jian\thmc</Filter>
    </ClInclude>
    <ClInclude Include="..\lib\jian\thmc\TModule.hpp">
      <Filter>jian\thmc</Filter>
    </ClInclude>
    <ClInclude Include="..\lib\jian\thmc\TTailHairpin.hpp">
      <Filter>jian\thmc</Filter>
    </ClInclude>
    <ClInclude Include="..\lib\jian\mc\MC.hpp">
      <Filter>jian\mc</Filter>
    </ClInclude>
    <ClInclude Include="..\lib\jian\matrix\Mat3.hpp">
      <Filter>jian\matrix</Filter>
    </ClInclude>
    <ClInclude Include="..\lib\jian\matrix\Mat4.hpp">
      <Filter>jian\matrix</Filter>
    </ClInclude>
    <ClInclude Include="..\lib\jian\matrix\Mat5.hpp">
      <Filter>jian\matrix</Filter>
    </ClInclude>
    <ClInclude Include="..\lib\jian\matrix\traits.hpp">
      <Filter>jian\matrix</Filter>
    </ClInclude>
    <ClInclude Include="..\lib\jian\matrix\util.hpp">
      <Filter>jian\matrix</Filter>
    </ClInclude>
    <ClInclude Include="..\lib\jian\geom\core.hpp">
      <Filter>jian\geom</Filter>
    </ClInclude>
    <ClInclude Include="..\lib\jian\geom\rotate.hpp">
      <Filter>jian\geom</Filter>
    </ClInclude>
    <ClInclude Include="..\lib\jian\geom\suppos.hpp">
      <Filter>jian\geom</Filter>
    </ClInclude>
    <ClInclude Include="..\lib\jian\cg\CG.hpp">
      <Filter>jian\cg</Filter>
    </ClInclude>
    <ClInclude Include="..\lib\jian\cg\CG1p.hpp">
      <Filter>jian\cg</Filter>
    </ClInclude>
    <ClInclude Include="..\lib\jian\cg\CG6p.hpp">
      <Filter>jian\cg</Filter>
    </ClInclude>
    <ClInclude Include="..\lib\jian\cg\CGaa.hpp">
      <Filter>jian\cg</Filter>
    </ClInclude>
    <ClInclude Include="..\lib\jian\cg\CGpsb.hpp">
      <Filter>jian\cg</Filter>
    </ClInclude>
    <ClInclude Include="..\lib\jian\cg\CompleteResidue.hpp">
      <Filter>jian\cg</Filter>
    </ClInclude>
    <ClInclude Include="..\lib\jian\cg\Frags.hpp">
      <Filter>jian\cg</Filter>
    </ClInclude>
    <ClInclude Include="..\lib\jian\dca\Dca.hpp">
      <Filter>jian\dca</Filter>
    </ClInclude>
    <ClInclude Include="..\lib\jian\dca\MfDca.hpp">
      <Filter>jian\dca</Filter>
    </ClInclude>
    <ClInclude Include="..\lib\jian\dca\MpDca.hpp">
      <Filter>jian\dca</Filter>
    </ClInclude>
    <ClInclude Include="..\lib\jian\dca\ss_pairs.hpp">
      <Filter>jian\dca</Filter>
    </ClInclude>
    <ClInclude Include="..\lib\jian\lrsp\ss_complete.hpp">
      <Filter>jian\lrsp</Filter>
    </ClInclude>
    <ClInclude Include="..\lib\jian\lrsp\ss_del_sm_hp.hpp">
      <Filter>jian\lrsp</Filter>
    </ClInclude>
    <ClInclude Include="..\lib\jian\lrsp\ss_hp_pred.hpp">
      <Filter>jian\lrsp</Filter>
    </ClInclude>
    <ClInclude Include="..\lib\jian\mpl\algorithm.h">
      <Filter>jian\mpl</Filter>
    </ClInclude>
    <ClInclude Include="..\lib\jian\mpl\arithmetic.h">
      <Filter>jian\mpl</Filter>
    </ClInclude>
    <ClInclude Include="..\lib\jian\mpl\list.h">
      <Filter>jian\mpl</Filter>
    </ClInclude>
    <ClInclude Include="..\lib\jian\mpl\mpl.h">
      <Filter>jian\mpl</Filter>
    </ClInclude>
    <ClInclude Include="..\lib\jian\md\MD.h">
      <Filter>jian\md</Filter>
    </ClInclude>
    <ClInclude Include="..\lib\jian\scoring\AssessPSB.h">
      <Filter>jian\scoring</Filter>
    </ClInclude>
    <ClInclude Include="..\lib\jian\scoring\ParBp.hpp">
      <Filter>jian\scoring</Filter>
    </ClInclude>
    <ClInclude Include="..\lib\jian\scoring\ResConf.hpp">
      <Filter>jian\scoring</Filter>
    </ClInclude>
    <ClInclude Include="..\lib\jian\scoring\Score.hpp">
      <Filter>jian\scoring</Filter>
    </ClInclude>
    <ClInclude Include="..\lib\jian\scoring\DihAnal.hpp">
      <Filter>jian\scoring</Filter>
    </ClInclude>
    <ClInclude Include="..\lib\jian\scoring\DistAnal.hpp">
      <Filter>jian\scoring</Filter>
    </ClInclude>
    <ClInclude Include="..\lib\jian\scoring\new_score.hpp">
      <Filter>jian\scoring</Filter>
    </ClInclude>
    <ClInclude Include="..\lib\jian\scoring\Score1p.hpp">
      <Filter>jian\scoring</Filter>
    </ClInclude>
    <ClInclude Include="..\lib\jian\scoring\Score6p.hpp">
      <Filter>jian\scoring</Filter>
    </ClInclude>
    <ClInclude Include="..\lib\jian\scoring\ScoreBase.hpp">
      <Filter>jian\scoring</Filter>
    </ClInclude>
    <ClInclude Include="..\lib\jian\scoring\ScoreAa.hpp">
      <Filter>jian\scoring</Filter>
    </ClInclude>
    <ClInclude Include="..\lib\jian\scoring\ScorePsb.hpp">
      <Filter>jian\scoring</Filter>
    </ClInclude>
    <ClInclude Include="..\lib\jian\script\Script.hpp">
      <Filter>jian\script</Filter>
    </ClInclude>
    <ClInclude Include="..\lib\jian\socket\Socket.hpp">
      <Filter>jian\socket</Filter>
    </ClInclude>
    <ClInclude Include="..\lib\jian\mpi\MPI.hpp">
      <Filter>jian\mpi</Filter>
    </ClInclude>
    <ClInclude Include="..\lib\jian\pp\core.hpp">
      <Filter>jian\pp</Filter>
    </ClInclude>
    <ClInclude Include="..\lib\jian\pp\map.hpp">
      <Filter>jian\pp</Filter>
    </ClInclude>
  </ItemGroup>
  <ItemGroup>
    <Text Include="CMakeLists.txt">
      <Filter>test</Filter>
    </Text>
  </ItemGroup>
</Project>