<?xml version="1.0" encoding="utf-8"?>
<Project ToolsVersion="4.0" xmlns="http://schemas.microsoft.com/developer/msbuild/2003">
  <ItemGroup>
    <Filter Include="jnpacks">
      <UniqueIdentifier>{25fd75d9-949a-4dd7-8345-c9872d3a3925}</UniqueIdentifier>
    </Filter>
    <Filter Include="jnpacks\jian">
      <UniqueIdentifier>{26ed2dd3-f4ec-4167-b888-2321bf63d4d2}</UniqueIdentifier>
    </Filter>
    <Filter Include="jnpacks\jntest">
      <UniqueIdentifier>{14d11829-a590-4bdb-bae7-aa6e7a267ca5}</UniqueIdentifier>
    </Filter>
    <Filter Include="jnpacks\jian\utils">
      <UniqueIdentifier>{5fa6dc5f-87ef-47cf-8028-b9f88fba97f9}</UniqueIdentifier>
    </Filter>
    <Filter Include="jnpacks\jian\geom">
      <UniqueIdentifier>{bd5f36f5-933a-4e05-9424-dd07148cd8f5}</UniqueIdentifier>
    </Filter>
    <Filter Include="jnpacks\jian\matrix">
      <UniqueIdentifier>{a2418946-9bd5-4956-b970-3452656e0633}</UniqueIdentifier>
    </Filter>
    <Filter Include="jnpacks\jian\mpi">
      <UniqueIdentifier>{6fc88859-51a6-4cf9-8c75-35140d7bac70}</UniqueIdentifier>
    </Filter>
    <Filter Include="jnpacks\jian\mpl">
      <UniqueIdentifier>{20c5f9f9-38b4-41e3-a0ca-34d45936e463}</UniqueIdentifier>
    </Filter>
    <Filter Include="jnpacks\jian\pp">
      <UniqueIdentifier>{bd7c74f3-8c08-4b68-ab86-aeadd7a44726}</UniqueIdentifier>
    </Filter>
    <Filter Include="jnpacks\jian\script">
      <UniqueIdentifier>{3bba4a76-1fd2-4bc4-9057-29420abbe59f}</UniqueIdentifier>
    </Filter>
    <Filter Include="jnpacks\jian\socket">
      <UniqueIdentifier>{defbab4a-27e0-48ea-915b-edb77de36a75}</UniqueIdentifier>
    </Filter>
    <Filter Include="nsp">
      <UniqueIdentifier>{ad3a2e99-e24c-4fb6-a3ee-85b182575f67}</UniqueIdentifier>
    </Filter>
    <Filter Include="src">
      <UniqueIdentifier>{04dda5ab-3dd9-4718-aa55-65299c957936}</UniqueIdentifier>
    </Filter>
    <Filter Include="nsp\cg">
      <UniqueIdentifier>{6ea98a52-72a4-46cc-a193-c0b0d8c902c0}</UniqueIdentifier>
    </Filter>
    <Filter Include="nsp\dca">
      <UniqueIdentifier>{848987a9-c168-40be-96ad-a085fc22e106}</UniqueIdentifier>
    </Filter>
    <Filter Include="nsp\dg">
      <UniqueIdentifier>{b1ecdeb3-ea1c-4d3c-b967-374367e766e8}</UniqueIdentifier>
    </Filter>
    <Filter Include="nsp\dhmc">
      <UniqueIdentifier>{51c999eb-4d28-4fef-a545-fe465468021d}</UniqueIdentifier>
    </Filter>
    <Filter Include="nsp\lrsp">
      <UniqueIdentifier>{c9f46469-3da1-4804-a1c4-0c35a3b8035f}</UniqueIdentifier>
    </Filter>
    <Filter Include="nsp\mc">
      <UniqueIdentifier>{f7e423b0-acf6-4259-bf85-c2be173703df}</UniqueIdentifier>
    </Filter>
    <Filter Include="nsp\mcsm">
      <UniqueIdentifier>{d4982eb8-42d5-4242-af6e-07f44f89e8d4}</UniqueIdentifier>
    </Filter>
    <Filter Include="nsp\nuc2d">
      <UniqueIdentifier>{3784b569-6c89-4f4c-9ec6-be947a0658d6}</UniqueIdentifier>
    </Filter>
    <Filter Include="nsp\nuc3d">
      <UniqueIdentifier>{b9470925-370f-4a56-8a6f-b51a84126568}</UniqueIdentifier>
    </Filter>
    <Filter Include="nsp\pdb">
      <UniqueIdentifier>{0f6eecf8-46e3-43a5-b083-fd589fca475e}</UniqueIdentifier>
    </Filter>
    <Filter Include="nsp\qhmc">
      <UniqueIdentifier>{232c6691-dd63-4a1b-b6f3-b1314f2b8e3f}</UniqueIdentifier>
    </Filter>
    <Filter Include="nsp\scoring">
      <UniqueIdentifier>{8ad69f14-714e-4d46-9626-9055658cf8dc}</UniqueIdentifier>
    </Filter>
    <Filter Include="nsp\thmc">
      <UniqueIdentifier>{d30a9149-f7d2-4241-9757-e9156ebba038}</UniqueIdentifier>
    </Filter>
  </ItemGroup>
  <ItemGroup>
    <ClCompile Include="jnpacks\jian\jian\matrix\Mat4.cpp">
      <Filter>jnpacks\jian\matrix</Filter>
    </ClCompile>
    <ClCompile Include="jnpacks\jian\jian\matrix\Mat5.cpp">
      <Filter>jnpacks\jian\matrix</Filter>
    </ClCompile>
    <ClCompile Include="jnpacks\jian\jian\mpi\MPI.cpp">
      <Filter>jnpacks\jian\mpi</Filter>
    </ClCompile>
    <ClCompile Include="jnpacks\jian\jian\utils\DBSCAN.cpp">
      <Filter>jnpacks\jian\utils</Filter>
    </ClCompile>
    <ClCompile Include="jnpacks\jian\jian\utils\Env.cpp">
      <Filter>jnpacks\jian\utils</Filter>
    </ClCompile>
    <ClCompile Include="jnpacks\jian\jian\utils\file.cpp">
      <Filter>jnpacks\jian\utils</Filter>
    </ClCompile>
    <ClCompile Include="jnpacks\jian\jian\utils\KMeans.cpp">
      <Filter>jnpacks\jian\utils</Filter>
    </ClCompile>
    <ClCompile Include="jnpacks\jian\jian\utils\Par.cpp">
      <Filter>jnpacks\jian\utils</Filter>
    </ClCompile>
    <ClCompile Include="jnpacks\jian\jian\utils\rand.cpp">
      <Filter>jnpacks\jian\utils</Filter>
    </ClCompile>
    <ClCompile Include="jnpacks\jian\jian\utils\string.cpp">
      <Filter>jnpacks\jian\utils</Filter>
    </ClCompile>
    <ClCompile Include="src\m_3drna.cpp">
      <Filter>src</Filter>
    </ClCompile>
    <ClCompile Include="src\m_aa.cpp">
      <Filter>src</Filter>
    </ClCompile>
    <ClCompile Include="src\m_align.cpp">
      <Filter>src</Filter>
    </ClCompile>
    <ClCompile Include="src\m_anal.cpp">
      <Filter>src</Filter>
    </ClCompile>
    <ClCompile Include="src\m_assemble.cpp">
      <Filter>src</Filter>
    </ClCompile>
    <ClCompile Include="src\m_build_loop.cpp">
      <Filter>src</Filter>
    </ClCompile>
    <ClCompile Include="src\m_build_loop_dg.cpp">
      <Filter>src</Filter>
    </ClCompile>
    <ClCompile Include="src\m_cg_to_aa.cpp">
      <Filter>src</Filter>
    </ClCompile>
    <ClCompile Include="src\m_check.cpp">
      <Filter>src</Filter>
    </ClCompile>
    <ClCompile Include="src\m_client.cpp">
      <Filter>src</Filter>
    </ClCompile>
    <ClCompile Include="src\m_cluster.cpp">
      <Filter>src</Filter>
    </ClCompile>
    <ClCompile Include="src\m_contacts.cpp">
      <Filter>src</Filter>
    </ClCompile>
    <ClCompile Include="src\m_dca.cpp">
      <Filter>src</Filter>
    </ClCompile>
    <ClCompile Include="src\m_dist_frequencies.cpp">
      <Filter>src</Filter>
    </ClCompile>
    <ClCompile Include="src\m_dist_weighted_frequencies.cpp">
      <Filter>src</Filter>
    </ClCompile>
    <ClCompile Include="src\m_dist_weights.cpp">
      <Filter>src</Filter>
    </ClCompile>
    <ClCompile Include="src\m_dtsp.cpp">
      <Filter>src</Filter>
    </ClCompile>
    <ClCompile Include="src\m_format.cpp">
      <Filter>src</Filter>
    </ClCompile>
    <ClCompile Include="src\m_get_all_residues.cpp">
      <Filter>src</Filter>
    </ClCompile>
    <ClCompile Include="src\m_helix_par.cpp">
      <Filter>src</Filter>
    </ClCompile>
    <ClCompile Include="src\m_joint.cpp">
      <Filter>src</Filter>
    </ClCompile>
    <ClCompile Include="src\m_len.cpp">
      <Filter>src</Filter>
    </ClCompile>
    <ClCompile Include="src\m_mcc.cpp">
      <Filter>src</Filter>
    </ClCompile>
    <ClCompile Include="src\m_md.cpp">
      <Filter>src</Filter>
    </ClCompile>
    <ClCompile Include="src\m_min_dist.cpp">
      <Filter>src</Filter>
    </ClCompile>
    <ClCompile Include="src\m_new_score.cpp">
      <Filter>src</Filter>
    </ClCompile>
    <ClCompile Include="src\m_opt.cpp">
      <Filter>src</Filter>
    </ClCompile>
    <ClCompile Include="src\m_parse_helix.cpp">
      <Filter>src</Filter>
    </ClCompile>
    <ClCompile Include="src\m_pdb2jn.cpp">
      <Filter>src</Filter>
    </ClCompile>
    <ClCompile Include="src\m_rebuild_chain.cpp">
      <Filter>src</Filter>
    </ClCompile>
    <ClCompile Include="src\m_rmsd.cpp">
      <Filter>src</Filter>
    </ClCompile>
    <ClCompile Include="src\m_sample.cpp">
      <Filter>src</Filter>
    </ClCompile>
    <ClCompile Include="src\m_score.cpp">
      <Filter>src</Filter>
    </ClCompile>
    <ClCompile Include="src\m_seq.cpp">
      <Filter>src</Filter>
    </ClCompile>
    <ClCompile Include="src\m_server.cpp">
      <Filter>src</Filter>
    </ClCompile>
    <ClCompile Include="src\m_split.cpp">
      <Filter>src</Filter>
    </ClCompile>
    <ClCompile Include="src\m_ss.cpp">
      <Filter>src</Filter>
    </ClCompile>
    <ClCompile Include="src\m_ss_tree.cpp">
      <Filter>src</Filter>
    </ClCompile>
    <ClCompile Include="src\m_ssa.cpp">
      <Filter>src</Filter>
    </ClCompile>
    <ClCompile Include="src\m_ssp_dca.cpp">
      <Filter>src</Filter>
    </ClCompile>
    <ClCompile Include="src\m_ssp_fe.cpp">
      <Filter>src</Filter>
    </ClCompile>
    <ClCompile Include="src\m_sub.cpp">
      <Filter>src</Filter>
    </ClCompile>
    <ClCompile Include="src\m_traj.cpp">
      <Filter>src</Filter>
    </ClCompile>
    <ClCompile Include="src\m_transform.cpp">
      <Filter>src</Filter>
    </ClCompile>
    <ClCompile Include="src\m_tri2d.cpp">
      <Filter>src</Filter>
    </ClCompile>
    <ClCompile Include="src\m_tsp.cpp">
      <Filter>src</Filter>
    </ClCompile>
    <ClCompile Include="src\m_view_mol_constraints.cpp">
      <Filter>src</Filter>
    </ClCompile>
    <ClCompile Include="src\main.cpp">
      <Filter>src</Filter>
    </ClCompile>
    <ClCompile Include="src\nsp.cpp">
      <Filter>src</Filter>
    </ClCompile>
    <ClCompile Include="nsp\cg\CG.cpp">
      <Filter>nsp\cg</Filter>
    </ClCompile>
    <ClCompile Include="nsp\cg\CG1p.cpp">
      <Filter>nsp\cg</Filter>
    </ClCompile>
    <ClCompile Include="nsp\cg\CG6p.cpp">
      <Filter>nsp\cg</Filter>
    </ClCompile>
    <ClCompile Include="nsp\cg\CGaa.cpp">
      <Filter>nsp\cg</Filter>
    </ClCompile>
    <ClCompile Include="nsp\cg\CGpsb.cpp">
      <Filter>nsp\cg</Filter>
    </ClCompile>
    <ClCompile Include="nsp\cg\CompleteResidue.cpp">
      <Filter>nsp\cg</Filter>
    </ClCompile>
    <ClCompile Include="nsp\cg\ResFrags.cpp">
      <Filter>nsp\cg</Filter>
    </ClCompile>
  </ItemGroup>
  <ItemGroup>
    <ClInclude Include="jnpacks\jian\jian\geom\core.hpp">
      <Filter>jnpacks\jian\geom</Filter>
    </ClInclude>
    <ClInclude Include="jnpacks\jian\jian\geom\rotate.hpp">
      <Filter>jnpacks\jian\geom</Filter>
    </ClInclude>
    <ClInclude Include="jnpacks\jian\jian\geom\suppos.hpp">
      <Filter>jnpacks\jian\geom</Filter>
    </ClInclude>
    <ClInclude Include="jnpacks\jian\jian\matrix\Mat3.hpp">
      <Filter>jnpacks\jian\matrix</Filter>
    </ClInclude>
    <ClInclude Include="jnpacks\jian\jian\matrix\Mat4.hpp">
      <Filter>jnpacks\jian\matrix</Filter>
    </ClInclude>
    <ClInclude Include="jnpacks\jian\jian\matrix\Mat5.hpp">
      <Filter>jnpacks\jian\matrix</Filter>
    </ClInclude>
    <ClInclude Include="jnpacks\jian\jian\matrix\MatBase.hpp">
      <Filter>jnpacks\jian\matrix</Filter>
    </ClInclude>
    <ClInclude Include="jnpacks\jian\jian\matrix\traits.hpp">
      <Filter>jnpacks\jian\matrix</Filter>
    </ClInclude>
    <ClInclude Include="jnpacks\jian\jian\matrix\util.hpp">
      <Filter>jnpacks\jian\matrix</Filter>
    </ClInclude>
    <ClInclude Include="jnpacks\jian\jian\mpi\MPI.hpp">
      <Filter>jnpacks\jian\mpi</Filter>
    </ClInclude>
    <ClInclude Include="jnpacks\jian\jian\mpl\algorithm.h">
      <Filter>jnpacks\jian\mpl</Filter>
    </ClInclude>
    <ClInclude Include="jnpacks\jian\jian\mpl\arithmetic.h">
      <Filter>jnpacks\jian\mpl</Filter>
    </ClInclude>
    <ClInclude Include="jnpacks\jian\jian\mpl\list.h">
      <Filter>jnpacks\jian\mpl</Filter>
    </ClInclude>
    <ClInclude Include="jnpacks\jian\jian\mpl\mpl.h">
      <Filter>jnpacks\jian\mpl</Filter>
    </ClInclude>
    <ClInclude Include="jnpacks\jian\jian\socket\Socket.hpp">
      <Filter>jnpacks\jian\socket</Filter>
    </ClInclude>
    <ClInclude Include="jnpacks\jian\jian\script\Script.hpp">
      <Filter>jnpacks\jian\script</Filter>
    </ClInclude>
    <ClInclude Include="jnpacks\jian\jian\pp\core.hpp">
      <Filter>jnpacks\jian\pp</Filter>
    </ClInclude>
    <ClInclude Include="jnpacks\jian\jian\pp\map.hpp">
      <Filter>jnpacks\jian\pp</Filter>
    </ClInclude>
    <ClInclude Include="jnpacks\jian\jian\utils\Cluster.hpp">
      <Filter>jnpacks\jian\utils</Filter>
    </ClInclude>
    <ClInclude Include="jnpacks\jian\jian\utils\control.hpp">
      <Filter>jnpacks\jian\utils</Filter>
    </ClInclude>
    <ClInclude Include="jnpacks\jian\jian\utils\DBSCAN.hpp">
      <Filter>jnpacks\jian\utils</Filter>
    </ClInclude>
    <ClInclude Include="jnpacks\jian\jian\utils\Debug.hpp">
      <Filter>jnpacks\jian\utils</Filter>
    </ClInclude>
    <ClInclude Include="jnpacks\jian\jian\utils\Entity.hpp">
      <Filter>jnpacks\jian\utils</Filter>
    </ClInclude>
    <ClInclude Include="jnpacks\jian\jian\utils\Env.hpp">
      <Filter>jnpacks\jian\utils</Filter>
    </ClInclude>
    <ClInclude Include="jnpacks\jian\jian\utils\exception.hpp">
      <Filter>jnpacks\jian\utils</Filter>
    </ClInclude>
    <ClInclude Include="jnpacks\jian\jian\utils\Factory.hpp">
      <Filter>jnpacks\jian\utils</Filter>
    </ClInclude>
    <ClInclude Include="jnpacks\jian\jian\utils\file.hpp">
      <Filter>jnpacks\jian\utils</Filter>
    </ClInclude>
    <ClInclude Include="jnpacks\jian\jian\utils\FSM.hpp">
      <Filter>jnpacks\jian\utils</Filter>
    </ClInclude>
    <ClInclude Include="jnpacks\jian\jian\utils\fun.hpp">
      <Filter>jnpacks\jian\utils</Filter>
    </ClInclude>
    <ClInclude Include="jnpacks\jian\jian\utils\KMeans.hpp">
      <Filter>jnpacks\jian\utils</Filter>
    </ClInclude>
    <ClInclude Include="jnpacks\jian\jian\utils\lexical_cast.hpp">
      <Filter>jnpacks\jian\utils</Filter>
    </ClInclude>
    <ClInclude Include="jnpacks\jian\jian\utils\Lib.hpp">
      <Filter>jnpacks\jian\utils</Filter>
    </ClInclude>
    <ClInclude Include="jnpacks\jian\jian\utils\ListRange.hpp">
      <Filter>jnpacks\jian\utils</Filter>
    </ClInclude>
    <ClInclude Include="jnpacks\jian\jian\utils\log.hpp">
      <Filter>jnpacks\jian\utils</Filter>
    </ClInclude>
    <ClInclude Include="jnpacks\jian\jian\utils\ls.hpp">
      <Filter>jnpacks\jian\utils</Filter>
    </ClInclude>
    <ClInclude Include="jnpacks\jian\jian\utils\math.hpp">
      <Filter>jnpacks\jian\utils</Filter>
    </ClInclude>
    <ClInclude Include="jnpacks\jian\jian\utils\Par.hpp">
      <Filter>jnpacks\jian\utils</Filter>
    </ClInclude>
    <ClInclude Include="jnpacks\jian\jian\utils\platform.hpp">
      <Filter>jnpacks\jian\utils</Filter>
    </ClInclude>
    <ClInclude Include="jnpacks\jian\jian\utils\queue.h">
      <Filter>jnpacks\jian\utils</Filter>
    </ClInclude>
    <ClInclude Include="jnpacks\jian\jian\utils\rand.hpp">
      <Filter>jnpacks\jian\utils</Filter>
    </ClInclude>
    <ClInclude Include="jnpacks\jian\jian\utils\Serial.hpp">
      <Filter>jnpacks\jian\utils</Filter>
    </ClInclude>
    <ClInclude Include="jnpacks\jian\jian\utils\string.hpp">
      <Filter>jnpacks\jian\utils</Filter>
    </ClInclude>
    <ClInclude Include="jnpacks\jian\jian\utils\Time.hpp">
      <Filter>jnpacks\jian\utils</Filter>
    </ClInclude>
    <ClInclude Include="jnpacks\jian\jian\utils\Trace.hpp">
      <Filter>jnpacks\jian\utils</Filter>
    </ClInclude>
    <ClInclude Include="jnpacks\jian\jian\utils\traits.hpp">
      <Filter>jnpacks\jian\utils</Filter>
    </ClInclude>
    <ClInclude Include="jnpacks\jian\jian\utils\tree.h">
      <Filter>jnpacks\jian\utils</Filter>
    </ClInclude>
    <ClInclude Include="jnpacks\jian\jian\utils\Tree.hpp">
      <Filter>jnpacks\jian\utils</Filter>
    </ClInclude>
    <ClInclude Include="jnpacks\jian\jian\geom.hpp">
      <Filter>jnpacks\jian</Filter>
    </ClInclude>
    <ClInclude Include="jnpacks\jian\jian\jian.hpp">
      <Filter>jnpacks\jian</Filter>
    </ClInclude>
    <ClInclude Include="jnpacks\jian\jian\matrix.hpp">
      <Filter>jnpacks\jian</Filter>
    </ClInclude>
    <ClInclude Include="jnpacks\jian\jian\mpi.hpp">
      <Filter>jnpacks\jian</Filter>
    </ClInclude>
    <ClInclude Include="jnpacks\jian\jian\mpl.hpp">
      <Filter>jnpacks\jian</Filter>
    </ClInclude>
    <ClInclude Include="jnpacks\jian\jian\pp.hpp">
      <Filter>jnpacks\jian</Filter>
    </ClInclude>
    <ClInclude Include="jnpacks\jian\jian\script.hpp">
      <Filter>jnpacks\jian</Filter>
    </ClInclude>
    <ClInclude Include="jnpacks\jian\jian\socket.hpp">
      <Filter>jnpacks\jian</Filter>
    </ClInclude>
    <ClInclude Include="jnpacks\jian\jian\utils.hpp">
      <Filter>jnpacks\jian</Filter>
    </ClInclude>
    <ClInclude Include="jnpacks\jntest\jntest\UnitTest.hpp">
      <Filter>jnpacks\jntest</Filter>
    </ClInclude>
    <ClInclude Include="src\nsp.hpp">
      <Filter>src</Filter>
    </ClInclude>
    <ClInclude Include="nsp\cg.hpp">
      <Filter>nsp</Filter>
    </ClInclude>
    <ClInclude Include="nsp\dca.hpp">
      <Filter>nsp</Filter>
    </ClInclude>
    <ClInclude Include="nsp\dg.hpp">
      <Filter>nsp</Filter>
    </ClInclude>
    <ClInclude Include="nsp\dhmc.hpp">
      <Filter>nsp</Filter>
    </ClInclude>
    <ClInclude Include="nsp\lrsp.hpp">
      <Filter>nsp</Filter>
    </ClInclude>
    <ClInclude Include="nsp\mc.hpp">
      <Filter>nsp</Filter>
    </ClInclude>
    <ClInclude Include="nsp\mcsm.hpp">
      <Filter>nsp</Filter>
    </ClInclude>
    <ClInclude Include="nsp\nuc2d.hpp">
      <Filter>nsp</Filter>
    </ClInclude>
    <ClInclude Include="nsp\nuc3d.hpp">
      <Filter>nsp</Filter>
    </ClInclude>
    <ClInclude Include="nsp\pdb.hpp">
      <Filter>nsp</Filter>
    </ClInclude>
    <ClInclude Include="nsp\qhmc.hpp">
      <Filter>nsp</Filter>
    </ClInclude>
    <ClInclude Include="nsp\scoring.hpp">
      <Filter>nsp</Filter>
    </ClInclude>
    <ClInclude Include="nsp\thmc.hpp">
      <Filter>nsp</Filter>
    </ClInclude>
    <ClInclude Include="nsp\cg\CG.hpp">
      <Filter>nsp\cg</Filter>
    </ClInclude>
    <ClInclude Include="nsp\cg\CG1p.hpp">
      <Filter>nsp\cg</Filter>
    </ClInclude>
    <ClInclude Include="nsp\cg\CG6p.hpp">
      <Filter>nsp\cg</Filter>
    </ClInclude>
    <ClInclude Include="nsp\cg\CGaa.hpp">
      <Filter>nsp\cg</Filter>
    </ClInclude>
    <ClInclude Include="nsp\cg\CGpsb.hpp">
      <Filter>nsp\cg</Filter>
    </ClInclude>
    <ClInclude Include="nsp\cg\CompleteResidue.hpp">
      <Filter>nsp\cg</Filter>
    </ClInclude>
    <ClInclude Include="nsp\cg\ResFrags.hpp">
      <Filter>nsp\cg</Filter>
    </ClInclude>
  </ItemGroup>
  <ItemGroup>
    <None Include=".gitattributes" />
    <None Include=".gitignore" />
  </ItemGroup>
</Project>