<?xml version="1.0" encoding="utf-8"?>
<Project ToolsVersion="4.0" xmlns="http://schemas.microsoft.com/developer/msbuild/2003">
  <ItemGroup>
    <Filter Include="jnpacks">
      <UniqueIdentifier>{25fd75d9-949a-4dd7-8345-c9872d3a3925}</UniqueIdentifier>
    </Filter>
    <Filter Include="jnpacks\jian">
      <UniqueIdentifier>{26ed2dd3-f4ec-4167-b888-2321bf63d4d2}</UniqueIdentifier>
    </Filter>
    <Filter Include="jnpacks\jntest">
      <UniqueIdentifier>{14d11829-a590-4bdb-bae7-aa6e7a267ca5}</UniqueIdentifier>
    </Filter>
    <Filter Include="jnpacks\jian\utils">
      <UniqueIdentifier>{5fa6dc5f-87ef-47cf-8028-b9f88fba97f9}</UniqueIdentifier>
    </Filter>
    <Filter Include="jnpacks\jian\geom">
      <UniqueIdentifier>{bd5f36f5-933a-4e05-9424-dd07148cd8f5}</UniqueIdentifier>
    </Filter>
    <Filter Include="jnpacks\jian\matrix">
      <UniqueIdentifier>{a2418946-9bd5-4956-b970-3452656e0633}</UniqueIdentifier>
    </Filter>
    <Filter Include="jnpacks\jian\mpi">
      <UniqueIdentifier>{6fc88859-51a6-4cf9-8c75-35140d7bac70}</UniqueIdentifier>
    </Filter>
    <Filter Include="jnpacks\jian\mpl">
      <UniqueIdentifier>{20c5f9f9-38b4-41e3-a0ca-34d45936e463}</UniqueIdentifier>
    </Filter>
    <Filter Include="jnpacks\jian\pp">
      <UniqueIdentifier>{bd7c74f3-8c08-4b68-ab86-aeadd7a44726}</UniqueIdentifier>
    </Filter>
    <Filter Include="jnpacks\jian\script">
      <UniqueIdentifier>{3bba4a76-1fd2-4bc4-9057-29420abbe59f}</UniqueIdentifier>
    </Filter>
    <Filter Include="jnpacks\jian\socket">
      <UniqueIdentifier>{defbab4a-27e0-48ea-915b-edb77de36a75}</UniqueIdentifier>
    </Filter>
    <Filter Include="src">
      <UniqueIdentifier>{04dda5ab-3dd9-4718-aa55-65299c957936}</UniqueIdentifier>
    </Filter>
    <Filter Include="nsp">
      <UniqueIdentifier>{d7a8cb38-c7c5-4be0-9022-75f84bb8a2a4}</UniqueIdentifier>
    </Filter>
    <Filter Include="nsp\cg">
      <UniqueIdentifier>{8a329d56-9e9b-4bdc-998b-3eddb13504e6}</UniqueIdentifier>
    </Filter>
    <Filter Include="nsp\dca">
      <UniqueIdentifier>{9c5eac5f-3469-4f9a-9263-81143a56393d}</UniqueIdentifier>
    </Filter>
    <Filter Include="nsp\dg">
      <UniqueIdentifier>{6c26cf59-eca4-4fca-8c1b-f83803e40e8b}</UniqueIdentifier>
    </Filter>
    <Filter Include="nsp\dhmc">
      <UniqueIdentifier>{9a350400-c267-4379-8ea6-388b9f17d113}</UniqueIdentifier>
    </Filter>
    <Filter Include="nsp\lrsp">
      <UniqueIdentifier>{e71dc9cf-2311-417a-8898-6ee549720bd9}</UniqueIdentifier>
    </Filter>
    <Filter Include="nsp\mc">
      <UniqueIdentifier>{4e409d37-1273-4d2f-91e9-94845fe3f07d}</UniqueIdentifier>
    </Filter>
    <Filter Include="nsp\mcsm">
      <UniqueIdentifier>{3990e58c-eee5-422a-a6ea-d9cc0325426e}</UniqueIdentifier>
    </Filter>
    <Filter Include="nsp\nuc2d">
      <UniqueIdentifier>{2f826d8c-92fc-4282-9b59-84b3a6b3a230}</UniqueIdentifier>
    </Filter>
    <Filter Include="nsp\nuc3d">
      <UniqueIdentifier>{7c119ab8-7cfb-40a3-bf05-240e612b0af6}</UniqueIdentifier>
    </Filter>
    <Filter Include="nsp\pdb">
      <UniqueIdentifier>{526f49cc-39b8-4b3a-95b3-b83911aeb4f0}</UniqueIdentifier>
    </Filter>
    <Filter Include="nsp\qhmc">
      <UniqueIdentifier>{10ed26e8-992a-4135-983c-2c3659a4b862}</UniqueIdentifier>
    </Filter>
    <Filter Include="nsp\scoring">
      <UniqueIdentifier>{4de8e062-5ba2-4922-a8e0-5549b3cc7873}</UniqueIdentifier>
    </Filter>
    <Filter Include="nsp\thmc">
      <UniqueIdentifier>{2302dc94-1af3-484c-b6b5-5836fc704739}</UniqueIdentifier>
    </Filter>
    <Filter Include="nsp\pdb\utils">
      <UniqueIdentifier>{2f3869d6-8d61-4be8-a6e3-ddb32d292764}</UniqueIdentifier>
    </Filter>
  </ItemGroup>
  <ItemGroup>
    <ClCompile Include="jnpacks\jian\jian\matrix\Mat4.cpp">
      <Filter>jnpacks\jian\matrix</Filter>
    </ClCompile>
    <ClCompile Include="jnpacks\jian\jian\matrix\Mat5.cpp">
      <Filter>jnpacks\jian\matrix</Filter>
    </ClCompile>
    <ClCompile Include="jnpacks\jian\jian\mpi\MPI.cpp">
      <Filter>jnpacks\jian\mpi</Filter>
    </ClCompile>
    <ClCompile Include="jnpacks\jian\jian\utils\DBSCAN.cpp">
      <Filter>jnpacks\jian\utils</Filter>
    </ClCompile>
    <ClCompile Include="jnpacks\jian\jian\utils\Env.cpp">
      <Filter>jnpacks\jian\utils</Filter>
    </ClCompile>
    <ClCompile Include="jnpacks\jian\jian\utils\file.cpp">
      <Filter>jnpacks\jian\utils</Filter>
    </ClCompile>
    <ClCompile Include="jnpacks\jian\jian\utils\KMeans.cpp">
      <Filter>jnpacks\jian\utils</Filter>
    </ClCompile>
    <ClCompile Include="jnpacks\jian\jian\utils\Par.cpp">
      <Filter>jnpacks\jian\utils</Filter>
    </ClCompile>
    <ClCompile Include="jnpacks\jian\jian\utils\rand.cpp">
      <Filter>jnpacks\jian\utils</Filter>
    </ClCompile>
    <ClCompile Include="jnpacks\jian\jian\utils\string.cpp">
      <Filter>jnpacks\jian\utils</Filter>
    </ClCompile>
    <ClCompile Include="src\m_3drna.cpp">
      <Filter>src</Filter>
    </ClCompile>
    <ClCompile Include="src\m_aa.cpp">
      <Filter>src</Filter>
    </ClCompile>
    <ClCompile Include="src\m_align.cpp">
      <Filter>src</Filter>
    </ClCompile>
    <ClCompile Include="src\m_anal.cpp">
      <Filter>src</Filter>
    </ClCompile>
    <ClCompile Include="src\m_assemble.cpp">
      <Filter>src</Filter>
    </ClCompile>
    <ClCompile Include="src\m_build_loop.cpp">
      <Filter>src</Filter>
    </ClCompile>
    <ClCompile Include="src\m_build_loop_dg.cpp">
      <Filter>src</Filter>
    </ClCompile>
    <ClCompile Include="src\m_cg_to_aa.cpp">
      <Filter>src</Filter>
    </ClCompile>
    <ClCompile Include="src\m_check.cpp">
      <Filter>src</Filter>
    </ClCompile>
    <ClCompile Include="src\m_client.cpp">
      <Filter>src</Filter>
    </ClCompile>
    <ClCompile Include="src\m_cluster.cpp">
      <Filter>src</Filter>
    </ClCompile>
    <ClCompile Include="src\m_contacts.cpp">
      <Filter>src</Filter>
    </ClCompile>
    <ClCompile Include="src\m_dca.cpp">
      <Filter>src</Filter>
    </ClCompile>
    <ClCompile Include="src\m_dist_frequencies.cpp">
      <Filter>src</Filter>
    </ClCompile>
    <ClCompile Include="src\m_dist_weighted_frequencies.cpp">
      <Filter>src</Filter>
    </ClCompile>
    <ClCompile Include="src\m_dist_weights.cpp">
      <Filter>src</Filter>
    </ClCompile>
    <ClCompile Include="src\m_dtsp.cpp">
      <Filter>src</Filter>
    </ClCompile>
    <ClCompile Include="src\m_format.cpp">
      <Filter>src</Filter>
    </ClCompile>
    <ClCompile Include="src\m_get_all_residues.cpp">
      <Filter>src</Filter>
    </ClCompile>
    <ClCompile Include="src\m_helix_par.cpp">
      <Filter>src</Filter>
    </ClCompile>
    <ClCompile Include="src\m_joint.cpp">
      <Filter>src</Filter>
    </ClCompile>
    <ClCompile Include="src\m_len.cpp">
      <Filter>src</Filter>
    </ClCompile>
    <ClCompile Include="src\m_mcc.cpp">
      <Filter>src</Filter>
    </ClCompile>
    <ClCompile Include="src\m_md.cpp">
      <Filter>src</Filter>
    </ClCompile>
    <ClCompile Include="src\m_min_dist.cpp">
      <Filter>src</Filter>
    </ClCompile>
    <ClCompile Include="src\m_new_score.cpp">
      <Filter>src</Filter>
    </ClCompile>
    <ClCompile Include="src\m_opt.cpp">
      <Filter>src</Filter>
    </ClCompile>
    <ClCompile Include="src\m_parse_helix.cpp">
      <Filter>src</Filter>
    </ClCompile>
    <ClCompile Include="src\m_pdb2jn.cpp">
      <Filter>src</Filter>
    </ClCompile>
    <ClCompile Include="src\m_rebuild_chain.cpp">
      <Filter>src</Filter>
    </ClCompile>
    <ClCompile Include="src\m_rmsd.cpp">
      <Filter>src</Filter>
    </ClCompile>
    <ClCompile Include="src\m_sample.cpp">
      <Filter>src</Filter>
    </ClCompile>
    <ClCompile Include="src\m_score.cpp">
      <Filter>src</Filter>
    </ClCompile>
    <ClCompile Include="src\m_seq.cpp">
      <Filter>src</Filter>
    </ClCompile>
    <ClCompile Include="src\m_server.cpp">
      <Filter>src</Filter>
    </ClCompile>
    <ClCompile Include="src\m_split.cpp">
      <Filter>src</Filter>
    </ClCompile>
    <ClCompile Include="src\m_ss.cpp">
      <Filter>src</Filter>
    </ClCompile>
    <ClCompile Include="src\m_ss_tree.cpp">
      <Filter>src</Filter>
    </ClCompile>
    <ClCompile Include="src\m_ssa.cpp">
      <Filter>src</Filter>
    </ClCompile>
    <ClCompile Include="src\m_ssp_dca.cpp">
      <Filter>src</Filter>
    </ClCompile>
    <ClCompile Include="src\m_ssp_fe.cpp">
      <Filter>src</Filter>
    </ClCompile>
    <ClCompile Include="src\m_sub.cpp">
      <Filter>src</Filter>
    </ClCompile>
    <ClCompile Include="src\m_traj.cpp">
      <Filter>src</Filter>
    </ClCompile>
    <ClCompile Include="src\m_transform.cpp">
      <Filter>src</Filter>
    </ClCompile>
    <ClCompile Include="src\m_tri2d.cpp">
      <Filter>src</Filter>
    </ClCompile>
    <ClCompile Include="src\m_tsp.cpp">
      <Filter>src</Filter>
    </ClCompile>
    <ClCompile Include="src\m_view_mol_constraints.cpp">
      <Filter>src</Filter>
    </ClCompile>
    <ClCompile Include="src\main.cpp">
      <Filter>src</Filter>
    </ClCompile>
    <ClCompile Include="src\nsp.cpp">
      <Filter>src</Filter>
    </ClCompile>
    <ClCompile Include="nsp\cg\CG.cpp">
      <Filter>nsp\cg</Filter>
    </ClCompile>
    <ClCompile Include="nsp\cg\CG1p.cpp">
      <Filter>nsp\cg</Filter>
    </ClCompile>
    <ClCompile Include="nsp\cg\CG6p.cpp">
      <Filter>nsp\cg</Filter>
    </ClCompile>
    <ClCompile Include="nsp\cg\CGaa.cpp">
      <Filter>nsp\cg</Filter>
    </ClCompile>
    <ClCompile Include="nsp\cg\CGpsb.cpp">
      <Filter>nsp\cg</Filter>
    </ClCompile>
    <ClCompile Include="nsp\cg\CompleteResidue.cpp">
      <Filter>nsp\cg</Filter>
    </ClCompile>
    <ClCompile Include="nsp\cg\ResFrags.cpp">
      <Filter>nsp\cg</Filter>
    </ClCompile>
    <ClCompile Include="nsp\dca\Dca.cpp">
      <Filter>nsp\dca</Filter>
    </ClCompile>
    <ClCompile Include="nsp\dca\MfDca.cpp">
      <Filter>nsp\dca</Filter>
    </ClCompile>
    <ClCompile Include="nsp\dca\MpDca.cpp">
      <Filter>nsp\dca</Filter>
    </ClCompile>
    <ClCompile Include="nsp\dca\ss_pairs.cpp">
      <Filter>nsp\dca</Filter>
    </ClCompile>
    <ClCompile Include="nsp\dg\DG.cpp">
      <Filter>nsp\dg</Filter>
    </ClCompile>
    <ClCompile Include="nsp\dg\DihBound.cpp">
      <Filter>nsp\dg</Filter>
    </ClCompile>
    <ClCompile Include="nsp\dg\Gradient.cpp">
      <Filter>nsp\dg</Filter>
    </ClCompile>
    <ClCompile Include="nsp\dg\smooth.cpp">
      <Filter>nsp\dg</Filter>
    </ClCompile>
    <ClCompile Include="nsp\dhmc\DHMC.cpp">
      <Filter>nsp\dhmc</Filter>
    </ClCompile>
    <ClCompile Include="nsp\lrsp\ss_complete.cpp">
      <Filter>nsp\lrsp</Filter>
    </ClCompile>
    <ClCompile Include="nsp\lrsp\ss_del_sm_hp.cpp">
      <Filter>nsp\lrsp</Filter>
    </ClCompile>
    <ClCompile Include="nsp\lrsp\ss_hp_pred.cpp">
      <Filter>nsp\lrsp</Filter>
    </ClCompile>
    <ClCompile Include="nsp\mc\MC.cpp">
      <Filter>nsp\mc</Filter>
    </ClCompile>
    <ClCompile Include="nsp\mcsm\EnPsb.cpp">
      <Filter>nsp\mcsm</Filter>
    </ClCompile>
    <ClCompile Include="nsp\mcsm\MCSM.cpp">
      <Filter>nsp\mcsm</Filter>
    </ClCompile>
    <ClCompile Include="nsp\mcsm\McsmBase.cpp">
      <Filter>nsp\mcsm</Filter>
    </ClCompile>
    <ClCompile Include="nsp\thmc\THeadHairpin.cpp">
      <Filter>nsp\thmc</Filter>
    </ClCompile>
    <ClCompile Include="nsp\thmc\THelix.cpp">
      <Filter>nsp\thmc</Filter>
    </ClCompile>
    <ClCompile Include="nsp\thmc\TLoop.cpp">
      <Filter>nsp\thmc</Filter>
    </ClCompile>
    <ClCompile Include="nsp\thmc\TModule.cpp">
      <Filter>nsp\thmc</Filter>
    </ClCompile>
    <ClCompile Include="nsp\thmc\TTailHairpin.cpp">
      <Filter>nsp\thmc</Filter>
    </ClCompile>
    <ClCompile Include="nsp\scoring\DihAnal.cpp">
      <Filter>nsp\scoring</Filter>
    </ClCompile>
    <ClCompile Include="nsp\scoring\DistAnal.cpp">
      <Filter>nsp\scoring</Filter>
    </ClCompile>
    <ClCompile Include="nsp\scoring\new_score.cpp">
      <Filter>nsp\scoring</Filter>
    </ClCompile>
    <ClCompile Include="nsp\scoring\ParBp.cpp">
      <Filter>nsp\scoring</Filter>
    </ClCompile>
    <ClCompile Include="nsp\scoring\Score1p.cpp">
      <Filter>nsp\scoring</Filter>
    </ClCompile>
    <ClCompile Include="nsp\scoring\Score6p.cpp">
      <Filter>nsp\scoring</Filter>
    </ClCompile>
    <ClCompile Include="nsp\scoring\ScoreAa.cpp">
      <Filter>nsp\scoring</Filter>
    </ClCompile>
    <ClCompile Include="nsp\scoring\ScoreCg.cpp">
      <Filter>nsp\scoring</Filter>
    </ClCompile>
    <ClCompile Include="nsp\scoring\ScorePsb.cpp">
      <Filter>nsp\scoring</Filter>
    </ClCompile>
    <ClCompile Include="nsp\qhmc\HeadHairpin.cpp">
      <Filter>nsp\qhmc</Filter>
    </ClCompile>
    <ClCompile Include="nsp\qhmc\Helix.cpp">
      <Filter>nsp\qhmc</Filter>
    </ClCompile>
    <ClCompile Include="nsp\qhmc\Loop.cpp">
      <Filter>nsp\qhmc</Filter>
    </ClCompile>
    <ClCompile Include="nsp\qhmc\Module.cpp">
      <Filter>nsp\qhmc</Filter>
    </ClCompile>
    <ClCompile Include="nsp\qhmc\TailHairpin.cpp">
      <Filter>nsp\qhmc</Filter>
    </ClCompile>
    <ClCompile Include="nsp\pdb\Atom.cpp">
      <Filter>nsp\pdb</Filter>
    </ClCompile>
    <ClCompile Include="nsp\pdb\CifFileParser.cpp">
      <Filter>nsp\pdb</Filter>
    </ClCompile>
    <ClCompile Include="nsp\pdb\io.cpp">
      <Filter>nsp\pdb</Filter>
    </ClCompile>
    <ClCompile Include="nsp\pdb\MolParser.cpp">
      <Filter>nsp\pdb</Filter>
    </ClCompile>
    <ClCompile Include="nsp\pdb\names.cpp">
      <Filter>nsp\pdb</Filter>
    </ClCompile>
    <ClCompile Include="nsp\pdb\PdbFileParser.cpp">
      <Filter>nsp\pdb</Filter>
    </ClCompile>
    <ClCompile Include="nsp\pdb\Residue.cpp">
      <Filter>nsp\pdb</Filter>
    </ClCompile>
    <ClCompile Include="nsp\pdb\RNA.cpp">
      <Filter>nsp\pdb</Filter>
    </ClCompile>
    <ClCompile Include="nsp\pdb\utils\cluster_chains.cpp">
      <Filter>nsp\pdb\utils</Filter>
    </ClCompile>
    <ClCompile Include="nsp\nuc3d\Assemble.cpp">
      <Filter>nsp\nuc3d</Filter>
    </ClCompile>
    <ClCompile Include="nsp\nuc3d\BuildHelix.cpp">
      <Filter>nsp\nuc3d</Filter>
    </ClCompile>
    <ClCompile Include="nsp\nuc3d\BuildLoopDG.cpp">
      <Filter>nsp\nuc3d</Filter>
    </ClCompile>
    <ClCompile Include="nsp\nuc3d\BuildLoopRaw.cpp">
      <Filter>nsp\nuc3d</Filter>
    </ClCompile>
    <ClCompile Include="nsp\nuc3d\Constraints.cpp">
      <Filter>nsp\nuc3d</Filter>
    </ClCompile>
    <ClCompile Include="nsp\nuc3d\Convert.cpp">
      <Filter>nsp\nuc3d</Filter>
    </ClCompile>
    <ClCompile Include="nsp\nuc3d\Format.cpp">
      <Filter>nsp\nuc3d</Filter>
    </ClCompile>
    <ClCompile Include="nsp\nuc3d\HelixPar.cpp">
      <Filter>nsp\nuc3d</Filter>
    </ClCompile>
    <ClCompile Include="nsp\nuc3d\ParseHelix.cpp">
      <Filter>nsp\nuc3d</Filter>
    </ClCompile>
    <ClCompile Include="nsp\nuc3d\SampleLoop.cpp">
      <Filter>nsp\nuc3d</Filter>
    </ClCompile>
    <ClCompile Include="nsp\nuc3d\split.cpp">
      <Filter>nsp\nuc3d</Filter>
    </ClCompile>
    <ClCompile Include="nsp\nuc3d\TemplRec.cpp">
      <Filter>nsp\nuc3d</Filter>
    </ClCompile>
    <ClCompile Include="nsp\nuc3d\transform.cpp">
      <Filter>nsp\nuc3d</Filter>
    </ClCompile>
    <ClCompile Include="nsp\nuc3d\TSP.cpp">
      <Filter>nsp\nuc3d</Filter>
    </ClCompile>
    <ClCompile Include="nsp\nuc2d\NASS.cpp">
      <Filter>nsp\nuc2d</Filter>
    </ClCompile>
    <ClCompile Include="nsp\nuc2d\ss_pred.cpp">
      <Filter>nsp\nuc2d</Filter>
    </ClCompile>
    <ClCompile Include="nsp\nuc2d\SSTree.cpp">
      <Filter>nsp\nuc2d</Filter>
    </ClCompile>
  </ItemGroup>
  <ItemGroup>
    <ClInclude Include="jnpacks\jian\jian\geom\core.hpp">
      <Filter>jnpacks\jian\geom</Filter>
    </ClInclude>
    <ClInclude Include="jnpacks\jian\jian\geom\rotate.hpp">
      <Filter>jnpacks\jian\geom</Filter>
    </ClInclude>
    <ClInclude Include="jnpacks\jian\jian\geom\suppos.hpp">
      <Filter>jnpacks\jian\geom</Filter>
    </ClInclude>
    <ClInclude Include="jnpacks\jian\jian\matrix\Mat3.hpp">
      <Filter>jnpacks\jian\matrix</Filter>
    </ClInclude>
    <ClInclude Include="jnpacks\jian\jian\matrix\Mat4.hpp">
      <Filter>jnpacks\jian\matrix</Filter>
    </ClInclude>
    <ClInclude Include="jnpacks\jian\jian\matrix\Mat5.hpp">
      <Filter>jnpacks\jian\matrix</Filter>
    </ClInclude>
    <ClInclude Include="jnpacks\jian\jian\matrix\MatBase.hpp">
      <Filter>jnpacks\jian\matrix</Filter>
    </ClInclude>
    <ClInclude Include="jnpacks\jian\jian\matrix\traits.hpp">
      <Filter>jnpacks\jian\matrix</Filter>
    </ClInclude>
    <ClInclude Include="jnpacks\jian\jian\matrix\util.hpp">
      <Filter>jnpacks\jian\matrix</Filter>
    </ClInclude>
    <ClInclude Include="jnpacks\jian\jian\mpi\MPI.hpp">
      <Filter>jnpacks\jian\mpi</Filter>
    </ClInclude>
    <ClInclude Include="jnpacks\jian\jian\mpl\algorithm.h">
      <Filter>jnpacks\jian\mpl</Filter>
    </ClInclude>
    <ClInclude Include="jnpacks\jian\jian\mpl\arithmetic.h">
      <Filter>jnpacks\jian\mpl</Filter>
    </ClInclude>
    <ClInclude Include="jnpacks\jian\jian\mpl\list.h">
      <Filter>jnpacks\jian\mpl</Filter>
    </ClInclude>
    <ClInclude Include="jnpacks\jian\jian\mpl\mpl.h">
      <Filter>jnpacks\jian\mpl</Filter>
    </ClInclude>
    <ClInclude Include="jnpacks\jian\jian\socket\Socket.hpp">
      <Filter>jnpacks\jian\socket</Filter>
    </ClInclude>
    <ClInclude Include="jnpacks\jian\jian\script\Script.hpp">
      <Filter>jnpacks\jian\script</Filter>
    </ClInclude>
    <ClInclude Include="jnpacks\jian\jian\pp\core.hpp">
      <Filter>jnpacks\jian\pp</Filter>
    </ClInclude>
    <ClInclude Include="jnpacks\jian\jian\pp\map.hpp">
      <Filter>jnpacks\jian\pp</Filter>
    </ClInclude>
    <ClInclude Include="jnpacks\jian\jian\utils\Cluster.hpp">
      <Filter>jnpacks\jian\utils</Filter>
    </ClInclude>
    <ClInclude Include="jnpacks\jian\jian\utils\control.hpp">
      <Filter>jnpacks\jian\utils</Filter>
    </ClInclude>
    <ClInclude Include="jnpacks\jian\jian\utils\DBSCAN.hpp">
      <Filter>jnpacks\jian\utils</Filter>
    </ClInclude>
    <ClInclude Include="jnpacks\jian\jian\utils\Debug.hpp">
      <Filter>jnpacks\jian\utils</Filter>
    </ClInclude>
    <ClInclude Include="jnpacks\jian\jian\utils\Entity.hpp">
      <Filter>jnpacks\jian\utils</Filter>
    </ClInclude>
    <ClInclude Include="jnpacks\jian\jian\utils\Env.hpp">
      <Filter>jnpacks\jian\utils</Filter>
    </ClInclude>
    <ClInclude Include="jnpacks\jian\jian\utils\exception.hpp">
      <Filter>jnpacks\jian\utils</Filter>
    </ClInclude>
    <ClInclude Include="jnpacks\jian\jian\utils\Factory.hpp">
      <Filter>jnpacks\jian\utils</Filter>
    </ClInclude>
    <ClInclude Include="jnpacks\jian\jian\utils\file.hpp">
      <Filter>jnpacks\jian\utils</Filter>
    </ClInclude>
    <ClInclude Include="jnpacks\jian\jian\utils\FSM.hpp">
      <Filter>jnpacks\jian\utils</Filter>
    </ClInclude>
    <ClInclude Include="jnpacks\jian\jian\utils\fun.hpp">
      <Filter>jnpacks\jian\utils</Filter>
    </ClInclude>
    <ClInclude Include="jnpacks\jian\jian\utils\KMeans.hpp">
      <Filter>jnpacks\jian\utils</Filter>
    </ClInclude>
    <ClInclude Include="jnpacks\jian\jian\utils\lexical_cast.hpp">
      <Filter>jnpacks\jian\utils</Filter>
    </ClInclude>
    <ClInclude Include="jnpacks\jian\jian\utils\Lib.hpp">
      <Filter>jnpacks\jian\utils</Filter>
    </ClInclude>
    <ClInclude Include="jnpacks\jian\jian\utils\ListRange.hpp">
      <Filter>jnpacks\jian\utils</Filter>
    </ClInclude>
    <ClInclude Include="jnpacks\jian\jian\utils\log.hpp">
      <Filter>jnpacks\jian\utils</Filter>
    </ClInclude>
    <ClInclude Include="jnpacks\jian\jian\utils\ls.hpp">
      <Filter>jnpacks\jian\utils</Filter>
    </ClInclude>
    <ClInclude Include="jnpacks\jian\jian\utils\math.hpp">
      <Filter>jnpacks\jian\utils</Filter>
    </ClInclude>
    <ClInclude Include="jnpacks\jian\jian\utils\Par.hpp">
      <Filter>jnpacks\jian\utils</Filter>
    </ClInclude>
    <ClInclude Include="jnpacks\jian\jian\utils\platform.hpp">
      <Filter>jnpacks\jian\utils</Filter>
    </ClInclude>
    <ClInclude Include="jnpacks\jian\jian\utils\queue.h">
      <Filter>jnpacks\jian\utils</Filter>
    </ClInclude>
    <ClInclude Include="jnpacks\jian\jian\utils\rand.hpp">
      <Filter>jnpacks\jian\utils</Filter>
    </ClInclude>
    <ClInclude Include="jnpacks\jian\jian\utils\Serial.hpp">
      <Filter>jnpacks\jian\utils</Filter>
    </ClInclude>
    <ClInclude Include="jnpacks\jian\jian\utils\string.hpp">
      <Filter>jnpacks\jian\utils</Filter>
    </ClInclude>
    <ClInclude Include="jnpacks\jian\jian\utils\Time.hpp">
      <Filter>jnpacks\jian\utils</Filter>
    </ClInclude>
    <ClInclude Include="jnpacks\jian\jian\utils\Trace.hpp">
      <Filter>jnpacks\jian\utils</Filter>
    </ClInclude>
    <ClInclude Include="jnpacks\jian\jian\utils\traits.hpp">
      <Filter>jnpacks\jian\utils</Filter>
    </ClInclude>
    <ClInclude Include="jnpacks\jian\jian\utils\tree.h">
      <Filter>jnpacks\jian\utils</Filter>
    </ClInclude>
    <ClInclude Include="jnpacks\jian\jian\utils\Tree.hpp">
      <Filter>jnpacks\jian\utils</Filter>
    </ClInclude>
    <ClInclude Include="jnpacks\jian\jian\geom.hpp">
      <Filter>jnpacks\jian</Filter>
    </ClInclude>
    <ClInclude Include="jnpacks\jian\jian\jian.hpp">
      <Filter>jnpacks\jian</Filter>
    </ClInclude>
    <ClInclude Include="jnpacks\jian\jian\matrix.hpp">
      <Filter>jnpacks\jian</Filter>
    </ClInclude>
    <ClInclude Include="jnpacks\jian\jian\mpi.hpp">
      <Filter>jnpacks\jian</Filter>
    </ClInclude>
    <ClInclude Include="jnpacks\jian\jian\mpl.hpp">
      <Filter>jnpacks\jian</Filter>
    </ClInclude>
    <ClInclude Include="jnpacks\jian\jian\pp.hpp">
      <Filter>jnpacks\jian</Filter>
    </ClInclude>
    <ClInclude Include="jnpacks\jian\jian\script.hpp">
      <Filter>jnpacks\jian</Filter>
    </ClInclude>
    <ClInclude Include="jnpacks\jian\jian\socket.hpp">
      <Filter>jnpacks\jian</Filter>
    </ClInclude>
    <ClInclude Include="jnpacks\jian\jian\utils.hpp">
      <Filter>jnpacks\jian</Filter>
    </ClInclude>
    <ClInclude Include="jnpacks\jntest\jntest\UnitTest.hpp">
      <Filter>jnpacks\jntest</Filter>
    </ClInclude>
    <ClInclude Include="src\nsp.hpp">
      <Filter>src</Filter>
    </ClInclude>
    <ClInclude Include="nsp\cg.hpp">
      <Filter>nsp</Filter>
    </ClInclude>
    <ClInclude Include="nsp\dca.hpp">
      <Filter>nsp</Filter>
    </ClInclude>
    <ClInclude Include="nsp\dg.hpp">
      <Filter>nsp</Filter>
    </ClInclude>
    <ClInclude Include="nsp\dhmc.hpp">
      <Filter>nsp</Filter>
    </ClInclude>
    <ClInclude Include="nsp\lrsp.hpp">
      <Filter>nsp</Filter>
    </ClInclude>
    <ClInclude Include="nsp\mc.hpp">
      <Filter>nsp</Filter>
    </ClInclude>
    <ClInclude Include="nsp\mcsm.hpp">
      <Filter>nsp</Filter>
    </ClInclude>
    <ClInclude Include="nsp\nuc2d.hpp">
      <Filter>nsp</Filter>
    </ClInclude>
    <ClInclude Include="nsp\nuc3d.hpp">
      <Filter>nsp</Filter>
    </ClInclude>
    <ClInclude Include="nsp\pdb.hpp">
      <Filter>nsp</Filter>
    </ClInclude>
    <ClInclude Include="nsp\qhmc.hpp">
      <Filter>nsp</Filter>
    </ClInclude>
    <ClInclude Include="nsp\scoring.hpp">
      <Filter>nsp</Filter>
    </ClInclude>
    <ClInclude Include="nsp\thmc.hpp">
      <Filter>nsp</Filter>
    </ClInclude>
    <ClInclude Include="nsp\cg\CG.hpp">
      <Filter>nsp\cg</Filter>
    </ClInclude>
    <ClInclude Include="nsp\cg\CG1p.hpp">
      <Filter>nsp\cg</Filter>
    </ClInclude>
    <ClInclude Include="nsp\cg\CG6p.hpp">
      <Filter>nsp\cg</Filter>
    </ClInclude>
    <ClInclude Include="nsp\cg\CGaa.hpp">
      <Filter>nsp\cg</Filter>
    </ClInclude>
    <ClInclude Include="nsp\cg\CGpsb.hpp">
      <Filter>nsp\cg</Filter>
    </ClInclude>
    <ClInclude Include="nsp\cg\CompleteResidue.hpp">
      <Filter>nsp\cg</Filter>
    </ClInclude>
    <ClInclude Include="nsp\cg\ResFrags.hpp">
      <Filter>nsp\cg</Filter>
    </ClInclude>
    <ClInclude Include="nsp\dca\Dca.hpp">
      <Filter>nsp\dca</Filter>
    </ClInclude>
    <ClInclude Include="nsp\dca\MfDca.hpp">
      <Filter>nsp\dca</Filter>
    </ClInclude>
    <ClInclude Include="nsp\dca\MpDca.hpp">
      <Filter>nsp\dca</Filter>
    </ClInclude>
    <ClInclude Include="nsp\dca\ss_pairs.hpp">
      <Filter>nsp\dca</Filter>
    </ClInclude>
    <ClInclude Include="nsp\dg\_DG.hpp">
      <Filter>nsp\dg</Filter>
    </ClInclude>
    <ClInclude Include="nsp\dg\CG.hpp">
      <Filter>nsp\dg</Filter>
    </ClInclude>
    <ClInclude Include="nsp\dg\CG-dev.hpp">
      <Filter>nsp\dg</Filter>
    </ClInclude>
    <ClInclude Include="nsp\dg\Constraints.hpp">
      <Filter>nsp\dg</Filter>
    </ClInclude>
    <ClInclude Include="nsp\dg\DG.hpp">
      <Filter>nsp\dg</Filter>
    </ClInclude>
    <ClInclude Include="nsp\dg\DGImpl.hpp">
      <Filter>nsp\dg</Filter>
    </ClInclude>
    <ClInclude Include="nsp\dg\DihBound.hpp">
      <Filter>nsp\dg</Filter>
    </ClInclude>
    <ClInclude Include="nsp\dg\Gradient.hpp">
      <Filter>nsp\dg</Filter>
    </ClInclude>
    <ClInclude Include="nsp\dg\Job.hpp">
      <Filter>nsp\dg</Filter>
    </ClInclude>
    <ClInclude Include="nsp\dg\MC.hpp">
      <Filter>nsp\dg</Filter>
    </ClInclude>
    <ClInclude Include="nsp\dg\Move.hpp">
      <Filter>nsp\dg</Filter>
    </ClInclude>
    <ClInclude Include="nsp\dg\smooth.hpp">
      <Filter>nsp\dg</Filter>
    </ClInclude>
    <ClInclude Include="nsp\dg\Sys.hpp">
      <Filter>nsp\dg</Filter>
    </ClInclude>
    <ClInclude Include="nsp\dg\TestMC.hpp">
      <Filter>nsp\dg</Filter>
    </ClInclude>
    <ClInclude Include="nsp\dhmc\DHMC.hpp">
      <Filter>nsp\dhmc</Filter>
    </ClInclude>
    <ClInclude Include="nsp\lrsp\LRTSP.hpp">
      <Filter>nsp\lrsp</Filter>
    </ClInclude>
    <ClInclude Include="nsp\lrsp\ss_complete.hpp">
      <Filter>nsp\lrsp</Filter>
    </ClInclude>
    <ClInclude Include="nsp\lrsp\ss_del_sm_hp.hpp">
      <Filter>nsp\lrsp</Filter>
    </ClInclude>
    <ClInclude Include="nsp\lrsp\ss_hp_pred.hpp">
      <Filter>nsp\lrsp</Filter>
    </ClInclude>
    <ClInclude Include="nsp\mc\MC.hpp">
      <Filter>nsp\mc</Filter>
    </ClInclude>
    <ClInclude Include="nsp\mcsm\EnPsb.hpp">
      <Filter>nsp\mcsm</Filter>
    </ClInclude>
    <ClInclude Include="nsp\mcsm\MCSM.hpp">
      <Filter>nsp\mcsm</Filter>
    </ClInclude>
    <ClInclude Include="nsp\mcsm\McsmBase.hpp">
      <Filter>nsp\mcsm</Filter>
    </ClInclude>
    <ClInclude Include="nsp\thmc\THeadHairpin.hpp">
      <Filter>nsp\thmc</Filter>
    </ClInclude>
    <ClInclude Include="nsp\thmc\THelix.hpp">
      <Filter>nsp\thmc</Filter>
    </ClInclude>
    <ClInclude Include="nsp\thmc\THMC.hpp">
      <Filter>nsp\thmc</Filter>
    </ClInclude>
    <ClInclude Include="nsp\thmc\TLoop.hpp">
      <Filter>nsp\thmc</Filter>
    </ClInclude>
    <ClInclude Include="nsp\thmc\TModule.hpp">
      <Filter>nsp\thmc</Filter>
    </ClInclude>
    <ClInclude Include="nsp\thmc\TTailHairpin.hpp">
      <Filter>nsp\thmc</Filter>
    </ClInclude>
    <ClInclude Include="nsp\scoring\DihAnal.hpp">
      <Filter>nsp\scoring</Filter>
    </ClInclude>
    <ClInclude Include="nsp\scoring\DistAnal.hpp">
      <Filter>nsp\scoring</Filter>
    </ClInclude>
    <ClInclude Include="nsp\scoring\new_score.hpp">
      <Filter>nsp\scoring</Filter>
    </ClInclude>
    <ClInclude Include="nsp\scoring\ParBp.hpp">
      <Filter>nsp\scoring</Filter>
    </ClInclude>
    <ClInclude Include="nsp\scoring\ResConf.hpp">
      <Filter>nsp\scoring</Filter>
    </ClInclude>
    <ClInclude Include="nsp\scoring\Score.hpp">
      <Filter>nsp\scoring</Filter>
    </ClInclude>
    <ClInclude Include="nsp\scoring\Score1p.hpp">
      <Filter>nsp\scoring</Filter>
    </ClInclude>
    <ClInclude Include="nsp\scoring\Score6p.hpp">
      <Filter>nsp\scoring</Filter>
    </ClInclude>
    <ClInclude Include="nsp\scoring\ScoreAa.hpp">
      <Filter>nsp\scoring</Filter>
    </ClInclude>
    <ClInclude Include="nsp\scoring\ScoreCg.hpp">
      <Filter>nsp\scoring</Filter>
    </ClInclude>
    <ClInclude Include="nsp\scoring\ScorePsb.hpp">
      <Filter>nsp\scoring</Filter>
    </ClInclude>
    <ClInclude Include="nsp\qhmc\HeadHairpin.hpp">
      <Filter>nsp\qhmc</Filter>
    </ClInclude>
    <ClInclude Include="nsp\qhmc\Helix.hpp">
      <Filter>nsp\qhmc</Filter>
    </ClInclude>
    <ClInclude Include="nsp\qhmc\Loop.hpp">
      <Filter>nsp\qhmc</Filter>
    </ClInclude>
    <ClInclude Include="nsp\qhmc\Module.hpp">
      <Filter>nsp\qhmc</Filter>
    </ClInclude>
    <ClInclude Include="nsp\qhmc\QHMC.hpp">
      <Filter>nsp\qhmc</Filter>
    </ClInclude>
    <ClInclude Include="nsp\qhmc\TailHairpin.hpp">
      <Filter>nsp\qhmc</Filter>
    </ClInclude>
    <ClInclude Include="nsp\pdb\Atom.hpp">
      <Filter>nsp\pdb</Filter>
    </ClInclude>
    <ClInclude Include="nsp\pdb\Chain.hpp">
      <Filter>nsp\pdb</Filter>
    </ClInclude>
    <ClInclude Include="nsp\pdb\CifFileParser.hpp">
      <Filter>nsp\pdb</Filter>
    </ClInclude>
    <ClInclude Include="nsp\pdb\io.hpp">
      <Filter>nsp\pdb</Filter>
    </ClInclude>
    <ClInclude Include="nsp\pdb\Model.hpp">
      <Filter>nsp\pdb</Filter>
    </ClInclude>
    <ClInclude Include="nsp\pdb\Molecule.hpp">
      <Filter>nsp\pdb</Filter>
    </ClInclude>
    <ClInclude Include="nsp\pdb\molmanip.hpp">
      <Filter>nsp\pdb</Filter>
    </ClInclude>
    <ClInclude Include="nsp\pdb\MolParser.hpp">
      <Filter>nsp\pdb</Filter>
    </ClInclude>
    <ClInclude Include="nsp\pdb\MolSerial.hpp">
      <Filter>nsp\pdb</Filter>
    </ClInclude>
    <ClInclude Include="nsp\pdb\names.hpp">
      <Filter>nsp\pdb</Filter>
    </ClInclude>
    <ClInclude Include="nsp\pdb\PdbFileParser.hpp">
      <Filter>nsp\pdb</Filter>
    </ClInclude>
    <ClInclude Include="nsp\pdb\Residue.hpp">
      <Filter>nsp\pdb</Filter>
    </ClInclude>
    <ClInclude Include="nsp\pdb\RNA.hpp">
      <Filter>nsp\pdb</Filter>
    </ClInclude>
    <ClInclude Include="nsp\pdb\utils\cluster_chains.hpp">
      <Filter>nsp\pdb\utils</Filter>
    </ClInclude>
    <ClInclude Include="nsp\nuc3d\AddPhos.hpp">
      <Filter>nsp\nuc3d</Filter>
    </ClInclude>
    <ClInclude Include="nsp\nuc3d\Assemble.hpp">
      <Filter>nsp\nuc3d</Filter>
    </ClInclude>
    <ClInclude Include="nsp\nuc3d\BasicPredict3D.hpp">
      <Filter>nsp\nuc3d</Filter>
    </ClInclude>
    <ClInclude Include="nsp\nuc3d\BuildChain.hpp">
      <Filter>nsp\nuc3d</Filter>
    </ClInclude>
    <ClInclude Include="nsp\nuc3d\BuildHelix.hpp">
      <Filter>nsp\nuc3d</Filter>
    </ClInclude>
    <ClInclude Include="nsp\nuc3d\BuildLoopDG.hpp">
      <Filter>nsp\nuc3d</Filter>
    </ClInclude>
    <ClInclude Include="nsp\nuc3d\BuildLoopRaw.hpp">
      <Filter>nsp\nuc3d</Filter>
    </ClInclude>
    <ClInclude Include="nsp\nuc3d\BuildNuc.hpp">
      <Filter>nsp\nuc3d</Filter>
    </ClInclude>
    <ClInclude Include="nsp\nuc3d\BuildStrand.hpp">
      <Filter>nsp\nuc3d</Filter>
    </ClInclude>
    <ClInclude Include="nsp\nuc3d\Connect.hpp">
      <Filter>nsp\nuc3d</Filter>
    </ClInclude>
    <ClInclude Include="nsp\nuc3d\Constraints.hpp">
      <Filter>nsp\nuc3d</Filter>
    </ClInclude>
    <ClInclude Include="nsp\nuc3d\Convert.hpp">
      <Filter>nsp\nuc3d</Filter>
    </ClInclude>
    <ClInclude Include="nsp\nuc3d\Format.hpp">
      <Filter>nsp\nuc3d</Filter>
    </ClInclude>
    <ClInclude Include="nsp\nuc3d\HelixPar.hpp">
      <Filter>nsp\nuc3d</Filter>
    </ClInclude>
    <ClInclude Include="nsp\nuc3d\JointHelix.hpp">
      <Filter>nsp\nuc3d</Filter>
    </ClInclude>
    <ClInclude Include="nsp\nuc3d\ParseHelix.hpp">
      <Filter>nsp\nuc3d</Filter>
    </ClInclude>
    <ClInclude Include="nsp\nuc3d\SampleLoop.hpp">
      <Filter>nsp\nuc3d</Filter>
    </ClInclude>
    <ClInclude Include="nsp\nuc3d\split.hpp">
      <Filter>nsp\nuc3d</Filter>
    </ClInclude>
    <ClInclude Include="nsp\nuc3d\SplitModel.hpp">
      <Filter>nsp\nuc3d</Filter>
    </ClInclude>
    <ClInclude Include="nsp\nuc3d\TemplRec.hpp">
      <Filter>nsp\nuc3d</Filter>
    </ClInclude>
    <ClInclude Include="nsp\nuc3d\transform.hpp">
      <Filter>nsp\nuc3d</Filter>
    </ClInclude>
    <ClInclude Include="nsp\nuc3d\TSP.hpp">
      <Filter>nsp\nuc3d</Filter>
    </ClInclude>
    <ClInclude Include="nsp\nuc2d\bp.hpp">
      <Filter>nsp\nuc2d</Filter>
    </ClInclude>
    <ClInclude Include="nsp\nuc2d\BuildSST.hpp">
      <Filter>nsp\nuc2d</Filter>
    </ClInclude>
    <ClInclude Include="nsp\nuc2d\GetSS.hpp">
      <Filter>nsp\nuc2d</Filter>
    </ClInclude>
    <ClInclude Include="nsp\nuc2d\helix.hpp">
      <Filter>nsp\nuc2d</Filter>
    </ClInclude>
    <ClInclude Include="nsp\nuc2d\Loop.hpp">
      <Filter>nsp\nuc2d</Filter>
    </ClInclude>
    <ClInclude Include="nsp\nuc2d\MergeRings.hpp">
      <Filter>nsp\nuc2d</Filter>
    </ClInclude>
    <ClInclude Include="nsp\nuc2d\NASS.hpp">
      <Filter>nsp\nuc2d</Filter>
    </ClInclude>
    <ClInclude Include="nsp\nuc2d\PredQuaSS.hpp">
      <Filter>nsp\nuc2d</Filter>
    </ClInclude>
    <ClInclude Include="nsp\nuc2d\PredTriSS.hpp">
      <Filter>nsp\nuc2d</Filter>
    </ClInclude>
    <ClInclude Include="nsp\nuc2d\res.hpp">
      <Filter>nsp\nuc2d</Filter>
    </ClInclude>
    <ClInclude Include="nsp\nuc2d\ss_pred.hpp">
      <Filter>nsp\nuc2d</Filter>
    </ClInclude>
    <ClInclude Include="nsp\nuc2d\SSE.hpp">
      <Filter>nsp\nuc2d</Filter>
    </ClInclude>
    <ClInclude Include="nsp\nuc2d\SST.hpp">
      <Filter>nsp\nuc2d</Filter>
    </ClInclude>
    <ClInclude Include="nsp\nuc2d\SSTree.hpp">
      <Filter>nsp\nuc2d</Filter>
    </ClInclude>
    <ClInclude Include="nsp\nuc2d\Tree.hpp">
      <Filter>nsp\nuc2d</Filter>
    </ClInclude>
  </ItemGroup>
  <ItemGroup>
    <None Include=".gitattributes" />
    <None Include=".gitignore" />
  </ItemGroup>
</Project>