<?xml version="1.0" encoding="utf-8"?>
<Project ToolsVersion="4.0" xmlns="http://schemas.microsoft.com/developer/msbuild/2003">
  <ItemGroup>
    <Filter Include="Resource Files">
      <UniqueIdentifier>{67DA6AB6-F800-4c08-8B7A-83BB121AAD01}</UniqueIdentifier>
      <Extensions>rc;ico;cur;bmp;dlg;rc2;rct;bin;rgs;gif;jpg;jpeg;jpe;resx;tiff;tif;png;wav;mfcribbon-ms</Extensions>
    </Filter>
    <Filter Include="jian">
      <UniqueIdentifier>{79bb38ba-8812-40e4-99eb-fca35123e227}</UniqueIdentifier>
    </Filter>
    <Filter Include="jian\utils">
      <UniqueIdentifier>{3e920edc-b573-406e-9b48-4b4e38e96e28}</UniqueIdentifier>
    </Filter>
    <Filter Include="jian\mcsm">
      <UniqueIdentifier>{d2e656a0-698f-4546-9923-5a2ec216804e}</UniqueIdentifier>
    </Filter>
    <Filter Include="jian\pdb">
      <UniqueIdentifier>{db2939c4-e094-4a21-95b6-ac8e153bd11f}</UniqueIdentifier>
    </Filter>
    <Filter Include="jian\nuc2d">
      <UniqueIdentifier>{93cfc311-f7ce-4496-830d-9fcb09261aba}</UniqueIdentifier>
    </Filter>
    <Filter Include="jian\nuc3d">
      <UniqueIdentifier>{bb7cfcfa-5fc5-4f3d-8596-c253feb7a9f0}</UniqueIdentifier>
    </Filter>
    <Filter Include="jian\dg">
      <UniqueIdentifier>{6526b9b9-7a34-40c0-95fd-21ad90d90296}</UniqueIdentifier>
    </Filter>
    <Filter Include="jian\qhmc">
      <UniqueIdentifier>{41e8b52b-783a-4a7a-9615-2e87079112bc}</UniqueIdentifier>
    </Filter>
    <Filter Include="jian\dhmc">
      <UniqueIdentifier>{ac0d9925-d4f4-4c16-b2a5-657fbfa4f14b}</UniqueIdentifier>
    </Filter>
    <Filter Include="jian\thmc">
      <UniqueIdentifier>{279cc089-0061-424f-a2f0-63d5c43231f6}</UniqueIdentifier>
    </Filter>
    <Filter Include="jian\mc">
      <UniqueIdentifier>{c020d1ad-f27b-44c6-8342-cf39cc6d1f02}</UniqueIdentifier>
    </Filter>
    <Filter Include="jian\matrix">
      <UniqueIdentifier>{892bae64-ff4d-4346-b881-0e6cf760431f}</UniqueIdentifier>
    </Filter>
    <Filter Include="jian\geom">
      <UniqueIdentifier>{7fbfef65-b34a-41d4-9670-0c8502e2d659}</UniqueIdentifier>
    </Filter>
    <Filter Include="jian\cg">
      <UniqueIdentifier>{89f48a88-88bc-4b44-86a7-77aa9d40744c}</UniqueIdentifier>
    </Filter>
    <Filter Include="jian\dca">
      <UniqueIdentifier>{4e776c13-a176-47e8-9ecb-92e35124f54e}</UniqueIdentifier>
    </Filter>
    <Filter Include="jian\lrsp">
      <UniqueIdentifier>{627022e8-ee3e-401c-a541-c2c5670bb12f}</UniqueIdentifier>
    </Filter>
    <Filter Include="jian\mpl">
      <UniqueIdentifier>{ebdc11ba-8763-4b17-a1e2-3fbbaf82e6ae}</UniqueIdentifier>
    </Filter>
    <Filter Include="jian\md">
      <UniqueIdentifier>{cf522060-7124-4992-a9fc-84499d660ee8}</UniqueIdentifier>
    </Filter>
    <Filter Include="jian\scoring">
      <UniqueIdentifier>{4ea73633-a00b-4fb9-be86-9d63adb8652b}</UniqueIdentifier>
    </Filter>
    <Filter Include="jian\script">
      <UniqueIdentifier>{834bb011-068a-4064-85c7-d47e90f21d29}</UniqueIdentifier>
    </Filter>
    <Filter Include="jian\pdb\utils">
      <UniqueIdentifier>{e7f2038c-1e77-4223-be80-40f744ca574a}</UniqueIdentifier>
    </Filter>
  </ItemGroup>
  <ItemGroup>
    <ClInclude Include="jian\mcsm\MC1p.hpp">
      <Filter>jian\mcsm</Filter>
    </ClInclude>
    <ClInclude Include="jian\mcsm\MCen.hpp">
      <Filter>jian\mcsm</Filter>
    </ClInclude>
    <ClInclude Include="jian\mcsm\MCpsb.hpp">
      <Filter>jian\mcsm</Filter>
    </ClInclude>
    <ClInclude Include="jian\mcsm\MCxp.hpp">
      <Filter>jian\mcsm</Filter>
    </ClInclude>
    <ClInclude Include="jian\dg\_DG.hpp">
      <Filter>jian\dg</Filter>
    </ClInclude>
    <ClInclude Include="jian\dg\CG.hpp">
      <Filter>jian\dg</Filter>
    </ClInclude>
    <ClInclude Include="jian\dg\CG-dev.hpp">
      <Filter>jian\dg</Filter>
    </ClInclude>
    <ClInclude Include="jian\dg\Constraints.hpp">
      <Filter>jian\dg</Filter>
    </ClInclude>
    <ClInclude Include="jian\dg\DG.hpp">
      <Filter>jian\dg</Filter>
    </ClInclude>
    <ClInclude Include="jian\dg\DGImpl.hpp">
      <Filter>jian\dg</Filter>
    </ClInclude>
    <ClInclude Include="jian\dg\DihBound.hpp">
      <Filter>jian\dg</Filter>
    </ClInclude>
    <ClInclude Include="jian\dg\Gradient.hpp">
      <Filter>jian\dg</Filter>
    </ClInclude>
    <ClInclude Include="jian\dg\Job.hpp">
      <Filter>jian\dg</Filter>
    </ClInclude>
    <ClInclude Include="jian\dg\MC.hpp">
      <Filter>jian\dg</Filter>
    </ClInclude>
    <ClInclude Include="jian\dg\Move.hpp">
      <Filter>jian\dg</Filter>
    </ClInclude>
    <ClInclude Include="jian\dg\smooth.hpp">
      <Filter>jian\dg</Filter>
    </ClInclude>
    <ClInclude Include="jian\dg\Sys.hpp">
      <Filter>jian\dg</Filter>
    </ClInclude>
    <ClInclude Include="jian\dg\TestMC.hpp">
      <Filter>jian\dg</Filter>
    </ClInclude>
    <ClInclude Include="jian\dhmc\DHMC.hpp">
      <Filter>jian\dhmc</Filter>
    </ClInclude>
    <ClInclude Include="jian\mc\MC.hpp">
      <Filter>jian\mc</Filter>
    </ClInclude>
    <ClInclude Include="jian\mc\REMC.hpp">
      <Filter>jian\mc</Filter>
    </ClInclude>
    <ClInclude Include="jian\matrix\traits.hpp">
      <Filter>jian\matrix</Filter>
    </ClInclude>
    <ClInclude Include="jian\matrix\util.hpp">
      <Filter>jian\matrix</Filter>
    </ClInclude>
    <ClInclude Include="jian\geom\core.hpp">
      <Filter>jian\geom</Filter>
    </ClInclude>
    <ClInclude Include="jian\geom\rotate.hpp">
      <Filter>jian\geom</Filter>
    </ClInclude>
    <ClInclude Include="jian\geom\suppos.hpp">
      <Filter>jian\geom</Filter>
    </ClInclude>
    <ClInclude Include="jian\cg\CG1p.hpp">
      <Filter>jian\cg</Filter>
    </ClInclude>
    <ClInclude Include="jian\cg\CGpsb.hpp">
      <Filter>jian\cg</Filter>
    </ClInclude>
    <ClInclude Include="jian\dca\Dca.hpp">
      <Filter>jian\dca</Filter>
    </ClInclude>
    <ClInclude Include="jian\dca\Mat3.hpp">
      <Filter>jian\dca</Filter>
    </ClInclude>
    <ClInclude Include="jian\dca\Mat4.hpp">
      <Filter>jian\dca</Filter>
    </ClInclude>
    <ClInclude Include="jian\dca\Mat5.hpp">
      <Filter>jian\dca</Filter>
    </ClInclude>
    <ClInclude Include="jian\dca\MfDca.hpp">
      <Filter>jian\dca</Filter>
    </ClInclude>
    <ClInclude Include="jian\dca\MpDca.hpp">
      <Filter>jian\dca</Filter>
    </ClInclude>
    <ClInclude Include="jian\dca\ss_pairs.hpp">
      <Filter>jian\dca</Filter>
    </ClInclude>
    <ClInclude Include="jian\lrsp\ss_complete.hpp">
      <Filter>jian\lrsp</Filter>
    </ClInclude>
    <ClInclude Include="jian\lrsp\ss_del_sm_hp.hpp">
      <Filter>jian\lrsp</Filter>
    </ClInclude>
    <ClInclude Include="jian\lrsp\ss_hp_pred.hpp">
      <Filter>jian\lrsp</Filter>
    </ClInclude>
    <ClInclude Include="jian\lrsp\TSP.hpp">
      <Filter>jian\lrsp</Filter>
    </ClInclude>
    <ClInclude Include="jian\mpl\algorithm.h">
      <Filter>jian\mpl</Filter>
    </ClInclude>
    <ClInclude Include="jian\mpl\arithmetic.h">
      <Filter>jian\mpl</Filter>
    </ClInclude>
    <ClInclude Include="jian\mpl\list.h">
      <Filter>jian\mpl</Filter>
    </ClInclude>
    <ClInclude Include="jian\mpl\mpl.h">
      <Filter>jian\mpl</Filter>
    </ClInclude>
    <ClInclude Include="jian\md\MD.h">
      <Filter>jian\md</Filter>
    </ClInclude>
    <ClInclude Include="jian\script\Script.hpp">
      <Filter>jian\script</Filter>
    </ClInclude>
    <ClInclude Include="jian\scoring\AssessPSB.h">
      <Filter>jian\scoring</Filter>
    </ClInclude>
    <ClInclude Include="jian\scoring\DihAnal.hpp">
      <Filter>jian\scoring</Filter>
    </ClInclude>
    <ClInclude Include="jian\scoring\DistAnal.hpp">
      <Filter>jian\scoring</Filter>
    </ClInclude>
    <ClInclude Include="jian\scoring\new_score.hpp">
      <Filter>jian\scoring</Filter>
    </ClInclude>
    <ClInclude Include="jian\scoring\Score.hpp">
      <Filter>jian\scoring</Filter>
    </ClInclude>
    <ClInclude Include="jian\scoring\score_3p.hpp">
      <Filter>jian\scoring</Filter>
    </ClInclude>
    <ClInclude Include="jian\scoring\score_aa.hpp">
      <Filter>jian\scoring</Filter>
    </ClInclude>
    <ClInclude Include="jian\scoring\ScorePsb.hpp">
      <Filter>jian\scoring</Filter>
    </ClInclude>
    <ClInclude Include="jian\scoring\Scoring.hpp">
      <Filter>jian\scoring</Filter>
    </ClInclude>
    <ClInclude Include="jian\scoring\Train.h">
      <Filter>jian\scoring</Filter>
    </ClInclude>
    <ClInclude Include="jian\thmc\THMC.hpp">
      <Filter>jian\thmc</Filter>
    </ClInclude>
    <ClInclude Include="jian\qhmc\HeadHairpin.hpp">
      <Filter>jian\qhmc</Filter>
    </ClInclude>
    <ClInclude Include="jian\qhmc\Helix.hpp">
      <Filter>jian\qhmc</Filter>
    </ClInclude>
    <ClInclude Include="jian\qhmc\Loop.hpp">
      <Filter>jian\qhmc</Filter>
    </ClInclude>
    <ClInclude Include="jian\qhmc\Module.hpp">
      <Filter>jian\qhmc</Filter>
    </ClInclude>
    <ClInclude Include="jian\qhmc\QHMC.hpp">
      <Filter>jian\qhmc</Filter>
    </ClInclude>
    <ClInclude Include="jian\qhmc\TailHairpin.hpp">
      <Filter>jian\qhmc</Filter>
    </ClInclude>
    <ClInclude Include="jian\nuc3d\AddPhos.hpp">
      <Filter>jian\nuc3d</Filter>
    </ClInclude>
    <ClInclude Include="jian\nuc3d\Ass.hpp">
      <Filter>jian\nuc3d</Filter>
    </ClInclude>
    <ClInclude Include="jian\nuc3d\BasicPredict3D.hpp">
      <Filter>jian\nuc3d</Filter>
    </ClInclude>
    <ClInclude Include="jian\nuc3d\BuildHelix.hpp">
      <Filter>jian\nuc3d</Filter>
    </ClInclude>
    <ClInclude Include="jian\nuc3d\BuildLoop.hpp">
      <Filter>jian\nuc3d</Filter>
    </ClInclude>
    <ClInclude Include="jian\nuc3d\BuildLoopDG.hpp">
      <Filter>jian\nuc3d</Filter>
    </ClInclude>
    <ClInclude Include="jian\nuc3d\BuildNuc.hpp">
      <Filter>jian\nuc3d</Filter>
    </ClInclude>
    <ClInclude Include="jian\nuc3d\BuildStrand.hpp">
      <Filter>jian\nuc3d</Filter>
    </ClInclude>
    <ClInclude Include="jian\nuc3d\C2A.hpp">
      <Filter>jian\nuc3d</Filter>
    </ClInclude>
    <ClInclude Include="jian\nuc3d\CG2AA.hpp">
      <Filter>jian\nuc3d</Filter>
    </ClInclude>
    <ClInclude Include="jian\nuc3d\Connect.hpp">
      <Filter>jian\nuc3d</Filter>
    </ClInclude>
    <ClInclude Include="jian\nuc3d\Convert.hpp">
      <Filter>jian\nuc3d</Filter>
    </ClInclude>
    <ClInclude Include="jian\nuc3d\Format.hpp">
      <Filter>jian\nuc3d</Filter>
    </ClInclude>
    <ClInclude Include="jian\nuc3d\HelixPar.hpp">
      <Filter>jian\nuc3d</Filter>
    </ClInclude>
    <ClInclude Include="jian\nuc3d\JobPredict3D.hpp">
      <Filter>jian\nuc3d</Filter>
    </ClInclude>
    <ClInclude Include="jian\nuc3d\JointHelix.hpp">
      <Filter>jian\nuc3d</Filter>
    </ClInclude>
    <ClInclude Include="jian\nuc3d\LM.hpp">
      <Filter>jian\nuc3d</Filter>
    </ClInclude>
    <ClInclude Include="jian\nuc3d\LM2.hpp">
      <Filter>jian\nuc3d</Filter>
    </ClInclude>
    <ClInclude Include="jian\nuc3d\LoopModelling2.hpp">
      <Filter>jian\nuc3d</Filter>
    </ClInclude>
    <ClInclude Include="jian\nuc3d\MC1p.hpp">
      <Filter>jian\nuc3d</Filter>
    </ClInclude>
    <ClInclude Include="jian\nuc3d\MC3p.hpp">
      <Filter>jian\nuc3d</Filter>
    </ClInclude>
    <ClInclude Include="jian\nuc3d\ParseHelix.hpp">
      <Filter>jian\nuc3d</Filter>
    </ClInclude>
    <ClInclude Include="jian\nuc3d\Predict3DG.hpp">
      <Filter>jian\nuc3d</Filter>
    </ClInclude>
    <ClInclude Include="jian\nuc3d\Predict3DGImpl.hpp">
      <Filter>jian\nuc3d</Filter>
    </ClInclude>
    <ClInclude Include="jian\nuc3d\REMCpsb.hpp">
      <Filter>jian\nuc3d</Filter>
    </ClInclude>
    <ClInclude Include="jian\nuc3d\SampleLoop.hpp">
      <Filter>jian\nuc3d</Filter>
    </ClInclude>
    <ClInclude Include="jian\nuc3d\split.hpp">
      <Filter>jian\nuc3d</Filter>
    </ClInclude>
    <ClInclude Include="jian\nuc3d\SplitModel.hpp">
      <Filter>jian\nuc3d</Filter>
    </ClInclude>
    <ClInclude Include="jian\nuc3d\TemplRec.hpp">
      <Filter>jian\nuc3d</Filter>
    </ClInclude>
    <ClInclude Include="jian\nuc3d\transform.hpp">
      <Filter>jian\nuc3d</Filter>
    </ClInclude>
    <ClInclude Include="jian\nuc2d\bp.hpp">
      <Filter>jian\nuc2d</Filter>
    </ClInclude>
    <ClInclude Include="jian\nuc2d\BuildSST.hpp">
      <Filter>jian\nuc2d</Filter>
    </ClInclude>
    <ClInclude Include="jian\nuc2d\GetSS.hpp">
      <Filter>jian\nuc2d</Filter>
    </ClInclude>
    <ClInclude Include="jian\nuc2d\helix.hpp">
      <Filter>jian\nuc2d</Filter>
    </ClInclude>
    <ClInclude Include="jian\nuc2d\loop.hpp">
      <Filter>jian\nuc2d</Filter>
    </ClInclude>
    <ClInclude Include="jian\nuc2d\MergeRings.hpp">
      <Filter>jian\nuc2d</Filter>
    </ClInclude>
    <ClInclude Include="jian\nuc2d\NucSS.hpp">
      <Filter>jian\nuc2d</Filter>
    </ClInclude>
    <ClInclude Include="jian\nuc2d\PredQuaSS.hpp">
      <Filter>jian\nuc2d</Filter>
    </ClInclude>
    <ClInclude Include="jian\nuc2d\PredTriSS.hpp">
      <Filter>jian\nuc2d</Filter>
    </ClInclude>
    <ClInclude Include="jian\nuc2d\res.hpp">
      <Filter>jian\nuc2d</Filter>
    </ClInclude>
    <ClInclude Include="jian\nuc2d\ss_pred.hpp">
      <Filter>jian\nuc2d</Filter>
    </ClInclude>
    <ClInclude Include="jian\nuc2d\SST.hpp">
      <Filter>jian\nuc2d</Filter>
    </ClInclude>
    <ClInclude Include="jian\nuc2d\SSTree.hpp">
      <Filter>jian\nuc2d</Filter>
    </ClInclude>
    <ClInclude Include="jian\nuc2d\Tree.hpp">
      <Filter>jian\nuc2d</Filter>
    </ClInclude>
    <ClInclude Include="jian\pdb\Atom.hpp">
      <Filter>jian\pdb</Filter>
    </ClInclude>
    <ClInclude Include="jian\pdb\Chain.hpp">
      <Filter>jian\pdb</Filter>
    </ClInclude>
    <ClInclude Include="jian\pdb\CifFileParser.hpp">
      <Filter>jian\pdb</Filter>
    </ClInclude>
    <ClInclude Include="jian\pdb\Constraints.hpp">
      <Filter>jian\pdb</Filter>
    </ClInclude>
    <ClInclude Include="jian\pdb\io.hpp">
      <Filter>jian\pdb</Filter>
    </ClInclude>
    <ClInclude Include="jian\pdb\Model.hpp">
      <Filter>jian\pdb</Filter>
    </ClInclude>
    <ClInclude Include="jian\pdb\Molecule.hpp">
      <Filter>jian\pdb</Filter>
    </ClInclude>
    <ClInclude Include="jian\pdb\molmanip.hpp">
      <Filter>jian\pdb</Filter>
    </ClInclude>
    <ClInclude Include="jian\pdb\molstream.hpp">
      <Filter>jian\pdb</Filter>
    </ClInclude>
    <ClInclude Include="jian\pdb\names.hpp">
      <Filter>jian\pdb</Filter>
    </ClInclude>
    <ClInclude Include="jian\pdb\PdbFileParser.hpp">
      <Filter>jian\pdb</Filter>
    </ClInclude>
    <ClInclude Include="jian\pdb\Residue.hpp">
      <Filter>jian\pdb</Filter>
    </ClInclude>
    <ClInclude Include="jian\pdb\RNA.hpp">
      <Filter>jian\pdb</Filter>
    </ClInclude>
    <ClInclude Include="jian\utils\Cluster.hpp">
      <Filter>jian\utils</Filter>
    </ClInclude>
    <ClInclude Include="jian\utils\control.hpp">
      <Filter>jian\utils</Filter>
    </ClInclude>
    <ClInclude Include="jian\utils\Debug.hpp">
      <Filter>jian\utils</Filter>
    </ClInclude>
    <ClInclude Include="jian\utils\Env.hpp">
      <Filter>jian\utils</Filter>
    </ClInclude>
    <ClInclude Include="jian\utils\exception.hpp">
      <Filter>jian\utils</Filter>
    </ClInclude>
    <ClInclude Include="jian\utils\Factory.hpp">
      <Filter>jian\utils</Filter>
    </ClInclude>
    <ClInclude Include="jian\utils\file.hpp">
      <Filter>jian\utils</Filter>
    </ClInclude>
    <ClInclude Include="jian\utils\FSM.hpp">
      <Filter>jian\utils</Filter>
    </ClInclude>
    <ClInclude Include="jian\utils\fun.hpp">
      <Filter>jian\utils</Filter>
    </ClInclude>
    <ClInclude Include="jian\utils\lexical_cast.hpp">
      <Filter>jian\utils</Filter>
    </ClInclude>
    <ClInclude Include="jian\utils\Lib.hpp">
      <Filter>jian\utils</Filter>
    </ClInclude>
    <ClInclude Include="jian\utils\log.hpp">
      <Filter>jian\utils</Filter>
    </ClInclude>
    <ClInclude Include="jian\utils\ls.hpp">
      <Filter>jian\utils</Filter>
    </ClInclude>
    <ClInclude Include="jian\utils\math.hpp">
      <Filter>jian\utils</Filter>
    </ClInclude>
    <ClInclude Include="jian\utils\Par.hpp">
      <Filter>jian\utils</Filter>
    </ClInclude>
    <ClInclude Include="jian\utils\queue.h">
      <Filter>jian\utils</Filter>
    </ClInclude>
    <ClInclude Include="jian\utils\rand.hpp">
      <Filter>jian\utils</Filter>
    </ClInclude>
    <ClInclude Include="jian\utils\string.hpp">
      <Filter>jian\utils</Filter>
    </ClInclude>
    <ClInclude Include="jian\utils\Time.hpp">
      <Filter>jian\utils</Filter>
    </ClInclude>
    <ClInclude Include="jian\utils\Trace.hpp">
      <Filter>jian\utils</Filter>
    </ClInclude>
    <ClInclude Include="jian\utils\traits.hpp">
      <Filter>jian\utils</Filter>
    </ClInclude>
    <ClInclude Include="jian\utils\tree.h">
      <Filter>jian\utils</Filter>
    </ClInclude>
    <ClInclude Include="jian\pdb\utils\cluster_chains.hpp">
      <Filter>jian\pdb\utils</Filter>
    </ClInclude>
    <ClInclude Include="jian\thmc\THeadHairpin.hpp">
      <Filter>jian\thmc</Filter>
    </ClInclude>
    <ClInclude Include="jian\thmc\THelix.hpp">
      <Filter>jian\thmc</Filter>
    </ClInclude>
    <ClInclude Include="jian\thmc\TLoop.hpp">
      <Filter>jian\thmc</Filter>
    </ClInclude>
    <ClInclude Include="jian\thmc\TModule.hpp">
      <Filter>jian\thmc</Filter>
    </ClInclude>
    <ClInclude Include="jian\thmc\TTailHairpin.hpp">
      <Filter>jian\thmc</Filter>
    </ClInclude>
  </ItemGroup>
  <ItemGroup>
    <ClCompile Include="jian\dg\DG.cpp">
      <Filter>jian\dg</Filter>
    </ClCompile>
    <ClCompile Include="jian\dg\DihBound.cpp">
      <Filter>jian\dg</Filter>
    </ClCompile>
    <ClCompile Include="jian\dg\Gradient.cpp">
      <Filter>jian\dg</Filter>
    </ClCompile>
    <ClCompile Include="jian\dg\smooth.cpp">
      <Filter>jian\dg</Filter>
    </ClCompile>
    <ClCompile Include="jian\mc\MC.cpp">
      <Filter>jian\mc</Filter>
    </ClCompile>
    <ClCompile Include="jian\geom\suppos.cpp">
      <Filter>jian\geom</Filter>
    </ClCompile>
    <ClCompile Include="jian\cg\CG1p.cpp">
      <Filter>jian\cg</Filter>
    </ClCompile>
    <ClCompile Include="jian\cg\CG1p_aa.cpp">
      <Filter>jian\cg</Filter>
    </ClCompile>
    <ClCompile Include="jian\cg\CGpsb.cpp">
      <Filter>jian\cg</Filter>
    </ClCompile>
    <ClCompile Include="jian\cg\CGpsb_aa.cpp">
      <Filter>jian\cg</Filter>
    </ClCompile>
    <ClCompile Include="jian\dca\Dca.cpp">
      <Filter>jian\dca</Filter>
    </ClCompile>
    <ClCompile Include="jian\dca\Mat3.cpp">
      <Filter>jian\dca</Filter>
    </ClCompile>
    <ClCompile Include="jian\dca\Mat4.cpp">
      <Filter>jian\dca</Filter>
    </ClCompile>
    <ClCompile Include="jian\dca\Mat5.cpp">
      <Filter>jian\dca</Filter>
    </ClCompile>
    <ClCompile Include="jian\dca\MfDca.cpp">
      <Filter>jian\dca</Filter>
    </ClCompile>
    <ClCompile Include="jian\dca\MpDca.cpp">
      <Filter>jian\dca</Filter>
    </ClCompile>
    <ClCompile Include="jian\dca\ss_pairs.cpp">
      <Filter>jian\dca</Filter>
    </ClCompile>
    <ClCompile Include="jian\lrsp\ss_complete.cpp">
      <Filter>jian\lrsp</Filter>
    </ClCompile>
    <ClCompile Include="jian\lrsp\ss_del_sm_hp.cpp">
      <Filter>jian\lrsp</Filter>
    </ClCompile>
    <ClCompile Include="jian\lrsp\ss_hp_pred.cpp">
      <Filter>jian\lrsp</Filter>
    </ClCompile>
    <ClCompile Include="jian\scoring\DihAnal.cpp">
      <Filter>jian\scoring</Filter>
    </ClCompile>
    <ClCompile Include="jian\scoring\DistAnal.cpp">
      <Filter>jian\scoring</Filter>
    </ClCompile>
    <ClCompile Include="jian\scoring\new_score.cpp">
      <Filter>jian\scoring</Filter>
    </ClCompile>
    <ClCompile Include="jian\scoring\score_3p.cpp">
      <Filter>jian\scoring</Filter>
    </ClCompile>
    <ClCompile Include="jian\scoring\Scoring.cpp">
      <Filter>jian\scoring</Filter>
    </ClCompile>
    <ClCompile Include="jian\qhmc\HeadHairpin.cpp">
      <Filter>jian\qhmc</Filter>
    </ClCompile>
    <ClCompile Include="jian\qhmc\Helix.cpp">
      <Filter>jian\qhmc</Filter>
    </ClCompile>
    <ClCompile Include="jian\qhmc\Loop.cpp">
      <Filter>jian\qhmc</Filter>
    </ClCompile>
    <ClCompile Include="jian\qhmc\Module.cpp">
      <Filter>jian\qhmc</Filter>
    </ClCompile>
    <ClCompile Include="jian\qhmc\TailHairpin.cpp">
      <Filter>jian\qhmc</Filter>
    </ClCompile>
    <ClCompile Include="jian\nuc3d\Ass.cpp">
      <Filter>jian\nuc3d</Filter>
    </ClCompile>
    <ClCompile Include="jian\nuc3d\BuildHelix.cpp">
      <Filter>jian\nuc3d</Filter>
    </ClCompile>
    <ClCompile Include="jian\nuc3d\BuildLoopDG.cpp">
      <Filter>jian\nuc3d</Filter>
    </ClCompile>
    <ClCompile Include="jian\nuc3d\C2A.cpp">
      <Filter>jian\nuc3d</Filter>
    </ClCompile>
    <ClCompile Include="jian\nuc3d\CG2AA.cpp">
      <Filter>jian\nuc3d</Filter>
    </ClCompile>
    <ClCompile Include="jian\nuc3d\Convert.cpp">
      <Filter>jian\nuc3d</Filter>
    </ClCompile>
    <ClCompile Include="jian\nuc3d\Format.cpp">
      <Filter>jian\nuc3d</Filter>
    </ClCompile>
    <ClCompile Include="jian\nuc3d\HelixPar.cpp">
      <Filter>jian\nuc3d</Filter>
    </ClCompile>
    <ClCompile Include="jian\nuc3d\JobPredict3D.cpp">
      <Filter>jian\nuc3d</Filter>
    </ClCompile>
    <ClCompile Include="jian\nuc3d\ParseHelix.cpp">
      <Filter>jian\nuc3d</Filter>
    </ClCompile>
    <ClCompile Include="jian\nuc3d\Predict3DG.cpp">
      <Filter>jian\nuc3d</Filter>
    </ClCompile>
    <ClCompile Include="jian\nuc3d\split.cpp">
      <Filter>jian\nuc3d</Filter>
    </ClCompile>
    <ClCompile Include="jian\nuc3d\TemplRec.cpp">
      <Filter>jian\nuc3d</Filter>
    </ClCompile>
    <ClCompile Include="jian\nuc3d\transform.cpp">
      <Filter>jian\nuc3d</Filter>
    </ClCompile>
    <ClCompile Include="jian\nuc2d\NucSS.cpp">
      <Filter>jian\nuc2d</Filter>
    </ClCompile>
    <ClCompile Include="jian\nuc2d\ss_pred.cpp">
      <Filter>jian\nuc2d</Filter>
    </ClCompile>
    <ClCompile Include="jian\nuc2d\SSTree.cpp">
      <Filter>jian\nuc2d</Filter>
    </ClCompile>
    <ClCompile Include="jian\pdb\Atom.cpp">
      <Filter>jian\pdb</Filter>
    </ClCompile>
    <ClCompile Include="jian\pdb\CifFileParser.cpp">
      <Filter>jian\pdb</Filter>
    </ClCompile>
    <ClCompile Include="jian\pdb\Constraints.cpp">
      <Filter>jian\pdb</Filter>
    </ClCompile>
    <ClCompile Include="jian\pdb\io.cpp">
      <Filter>jian\pdb</Filter>
    </ClCompile>
    <ClCompile Include="jian\pdb\Model.cpp">
      <Filter>jian\pdb</Filter>
    </ClCompile>
    <ClCompile Include="jian\pdb\molstream.cpp">
      <Filter>jian\pdb</Filter>
    </ClCompile>
    <ClCompile Include="jian\pdb\names.cpp">
      <Filter>jian\pdb</Filter>
    </ClCompile>
    <ClCompile Include="jian\pdb\PdbFileParser.cpp">
      <Filter>jian\pdb</Filter>
    </ClCompile>
    <ClCompile Include="jian\pdb\Residue.cpp">
      <Filter>jian\pdb</Filter>
    </ClCompile>
    <ClCompile Include="jian\pdb\RNA.cpp">
      <Filter>jian\pdb</Filter>
    </ClCompile>
    <ClCompile Include="jian\utils\Cluster.cpp">
      <Filter>jian\utils</Filter>
    </ClCompile>
    <ClCompile Include="jian\utils\file.cpp">
      <Filter>jian\utils</Filter>
    </ClCompile>
    <ClCompile Include="jian\utils\log.cpp">
      <Filter>jian\utils</Filter>
    </ClCompile>
    <ClCompile Include="jian\utils\Par.cpp">
      <Filter>jian\utils</Filter>
    </ClCompile>
    <ClCompile Include="jian\utils\rand.cpp">
      <Filter>jian\utils</Filter>
    </ClCompile>
    <ClCompile Include="jian\utils\string.cpp">
      <Filter>jian\utils</Filter>
    </ClCompile>
    <ClCompile Include="jian\pdb\utils\cluster_chains.cpp">
      <Filter>jian\pdb\utils</Filter>
    </ClCompile>
    <ClCompile Include="jian\thmc\THeadHairpin.cpp">
      <Filter>jian\thmc</Filter>
    </ClCompile>
    <ClCompile Include="jian\thmc\THelix.cpp">
      <Filter>jian\thmc</Filter>
    </ClCompile>
    <ClCompile Include="jian\thmc\TLoop.cpp">
      <Filter>jian\thmc</Filter>
    </ClCompile>
    <ClCompile Include="jian\thmc\TModule.cpp">
      <Filter>jian\thmc</Filter>
    </ClCompile>
    <ClCompile Include="jian\thmc\TTailHairpin.cpp">
      <Filter>jian\thmc</Filter>
    </ClCompile>
  </ItemGroup>
</Project>