<?xml version="1.0" encoding="utf-8"?>
<Project ToolsVersion="4.0" xmlns="http://schemas.microsoft.com/developer/msbuild/2003">
  <ItemGroup>
    <Filter Include="test">
      <UniqueIdentifier>{aced9caa-5849-44df-b3d5-1d36769c5c2b}</UniqueIdentifier>
    </Filter>
    <Filter Include="jian">
      <UniqueIdentifier>{363dd6f7-098c-4b5e-8609-06b90d6fd637}</UniqueIdentifier>
    </Filter>
    <Filter Include="jian\utils">
      <UniqueIdentifier>{d23673fc-6143-4d0d-9d09-5a899087490d}</UniqueIdentifier>
    </Filter>
    <Filter Include="jian\mcsm">
      <UniqueIdentifier>{b48b5f36-f114-47c2-a30c-0bae3942bd3a}</UniqueIdentifier>
    </Filter>
    <Filter Include="jian\pdb">
      <UniqueIdentifier>{f7f2b800-5cea-4570-acc3-28e410ece12b}</UniqueIdentifier>
    </Filter>
    <Filter Include="jian\pdb\utils">
      <UniqueIdentifier>{c701d461-7019-4c83-a1cf-30c563ce47e2}</UniqueIdentifier>
    </Filter>
    <Filter Include="jian\nuc2d">
      <UniqueIdentifier>{db5d066f-9983-4451-ab78-eea7c0ed0d89}</UniqueIdentifier>
    </Filter>
    <Filter Include="jian\nuc3d">
      <UniqueIdentifier>{73717910-6912-456c-bb66-411fb9fe08ba}</UniqueIdentifier>
    </Filter>
    <Filter Include="jian\dg">
      <UniqueIdentifier>{0d1494a8-207b-4c79-a4f6-58f5ba0e78e8}</UniqueIdentifier>
    </Filter>
    <Filter Include="jian\qhmc">
      <UniqueIdentifier>{ca60d73d-ce65-4609-8a0d-f9df6952b445}</UniqueIdentifier>
    </Filter>
    <Filter Include="jian\dhmc">
      <UniqueIdentifier>{fd4ed525-24b7-49b3-89b7-757c74bf8f0e}</UniqueIdentifier>
    </Filter>
    <Filter Include="jian\thmc">
      <UniqueIdentifier>{9139e4cf-17de-4101-86ac-bc4e015b6c4d}</UniqueIdentifier>
    </Filter>
    <Filter Include="jian\mc">
      <UniqueIdentifier>{21c8b920-d334-496b-b75d-38aa4770e3e9}</UniqueIdentifier>
    </Filter>
    <Filter Include="jian\matrix">
      <UniqueIdentifier>{d2055452-1460-449c-84ee-7596ccd01d7e}</UniqueIdentifier>
    </Filter>
    <Filter Include="jian\geom">
      <UniqueIdentifier>{36946267-b64c-435e-ab81-5dcead28e584}</UniqueIdentifier>
    </Filter>
    <Filter Include="jian\cg">
      <UniqueIdentifier>{014fe4fd-1ea2-4874-a9ae-2ea9597cd86e}</UniqueIdentifier>
    </Filter>
    <Filter Include="jian\dca">
      <UniqueIdentifier>{17390c13-23c9-430a-85fd-57af4325c35e}</UniqueIdentifier>
    </Filter>
    <Filter Include="jian\lrsp">
      <UniqueIdentifier>{6bf3cea1-7f31-4b9c-b114-6baef30065a0}</UniqueIdentifier>
    </Filter>
    <Filter Include="jian\mpl">
      <UniqueIdentifier>{a86e5427-56c0-4877-a937-5c32e607cd0b}</UniqueIdentifier>
    </Filter>
    <Filter Include="jian\md">
      <UniqueIdentifier>{6874aad2-4740-4573-9576-675018314505}</UniqueIdentifier>
    </Filter>
    <Filter Include="jian\scoring">
      <UniqueIdentifier>{628dfcc5-57f7-4e34-aab8-5378559e0df8}</UniqueIdentifier>
    </Filter>
    <Filter Include="jian\script">
      <UniqueIdentifier>{38dce962-b495-4146-8ee7-8725162902b4}</UniqueIdentifier>
    </Filter>
    <Filter Include="jian\socket">
      <UniqueIdentifier>{c308edda-b8f1-4e13-9931-94fe142ad78b}</UniqueIdentifier>
    </Filter>
    <Filter Include="jian\mpi">
      <UniqueIdentifier>{ab49273d-d93a-4311-8ccb-e5822f561bed}</UniqueIdentifier>
    </Filter>
    <Filter Include="jian\pp">
      <UniqueIdentifier>{5e4e2afd-e987-4756-b565-b9d99cc1256c}</UniqueIdentifier>
    </Filter>
  </ItemGroup>
  <ItemGroup>
    <ClCompile Include="main.cpp">
      <Filter>test</Filter>
    </ClCompile>
    <ClCompile Include="test_file.cpp">
      <Filter>test</Filter>
    </ClCompile>
    <ClCompile Include="test_list.cpp">
      <Filter>test</Filter>
    </ClCompile>
    <ClCompile Include="test_tree.cpp">
      <Filter>test</Filter>
    </ClCompile>
    <ClCompile Include="test_sstree.cpp">
      <Filter>test</Filter>
    </ClCompile>
    <ClCompile Include="test_assemble.cpp">
      <Filter>test</Filter>
    </ClCompile>
    <ClCompile Include="..\..\lib\jian\utils\DBSCAN.cpp">
      <Filter>jian\utils</Filter>
    </ClCompile>
    <ClCompile Include="..\..\lib\jian\utils\Env.cpp">
      <Filter>jian\utils</Filter>
    </ClCompile>
    <ClCompile Include="..\..\lib\jian\utils\file.cpp">
      <Filter>jian\utils</Filter>
    </ClCompile>
    <ClCompile Include="..\..\lib\jian\utils\KMeans.cpp">
      <Filter>jian\utils</Filter>
    </ClCompile>
    <ClCompile Include="..\..\lib\jian\utils\Par.cpp">
      <Filter>jian\utils</Filter>
    </ClCompile>
    <ClCompile Include="..\..\lib\jian\utils\rand.cpp">
      <Filter>jian\utils</Filter>
    </ClCompile>
    <ClCompile Include="..\..\lib\jian\utils\string.cpp">
      <Filter>jian\utils</Filter>
    </ClCompile>
    <ClCompile Include="..\..\lib\jian\mcsm\McsmBase.cpp">
      <Filter>jian\mcsm</Filter>
    </ClCompile>
    <ClCompile Include="..\..\lib\jian\mcsm\MCSM.cpp">
      <Filter>jian\mcsm</Filter>
    </ClCompile>
    <ClCompile Include="..\..\lib\jian\pdb\Atom.cpp">
      <Filter>jian\pdb</Filter>
    </ClCompile>
    <ClCompile Include="..\..\lib\jian\pdb\CifFileParser.cpp">
      <Filter>jian\pdb</Filter>
    </ClCompile>
    <ClCompile Include="..\..\lib\jian\pdb\io.cpp">
      <Filter>jian\pdb</Filter>
    </ClCompile>
    <ClCompile Include="..\..\lib\jian\pdb\MolParser.cpp">
      <Filter>jian\pdb</Filter>
    </ClCompile>
    <ClCompile Include="..\..\lib\jian\pdb\names.cpp">
      <Filter>jian\pdb</Filter>
    </ClCompile>
    <ClCompile Include="..\..\lib\jian\pdb\PdbFileParser.cpp">
      <Filter>jian\pdb</Filter>
    </ClCompile>
    <ClCompile Include="..\..\lib\jian\pdb\Residue.cpp">
      <Filter>jian\pdb</Filter>
    </ClCompile>
    <ClCompile Include="..\..\lib\jian\pdb\RNA.cpp">
      <Filter>jian\pdb</Filter>
    </ClCompile>
    <ClCompile Include="..\..\lib\jian\pdb\utils\cluster_chains.cpp">
      <Filter>jian\pdb\utils</Filter>
    </ClCompile>
    <ClCompile Include="..\..\lib\jian\nuc2d\NASS.cpp">
      <Filter>jian\nuc2d</Filter>
    </ClCompile>
    <ClCompile Include="..\..\lib\jian\nuc2d\SSTree.cpp">
      <Filter>jian\nuc2d</Filter>
    </ClCompile>
    <ClCompile Include="..\..\lib\jian\nuc2d\ss_pred.cpp">
      <Filter>jian\nuc2d</Filter>
    </ClCompile>
    <ClCompile Include="..\..\lib\jian\nuc3d\Assemble.cpp">
      <Filter>jian\nuc3d</Filter>
    </ClCompile>
    <ClCompile Include="..\..\lib\jian\nuc3d\BuildHelix.cpp">
      <Filter>jian\nuc3d</Filter>
    </ClCompile>
    <ClCompile Include="..\..\lib\jian\nuc3d\BuildLoopDG.cpp">
      <Filter>jian\nuc3d</Filter>
    </ClCompile>
    <ClCompile Include="..\..\lib\jian\nuc3d\BuildLoopRaw.cpp">
      <Filter>jian\nuc3d</Filter>
    </ClCompile>
    <ClCompile Include="..\..\lib\jian\nuc3d\Constraints.cpp">
      <Filter>jian\nuc3d</Filter>
    </ClCompile>
    <ClCompile Include="..\..\lib\jian\nuc3d\Convert.cpp">
      <Filter>jian\nuc3d</Filter>
    </ClCompile>
    <ClCompile Include="..\..\lib\jian\nuc3d\Format.cpp">
      <Filter>jian\nuc3d</Filter>
    </ClCompile>
    <ClCompile Include="..\..\lib\jian\nuc3d\HelixPar.cpp">
      <Filter>jian\nuc3d</Filter>
    </ClCompile>
    <ClCompile Include="..\..\lib\jian\nuc3d\SampleLoop.cpp">
      <Filter>jian\nuc3d</Filter>
    </ClCompile>
    <ClCompile Include="..\..\lib\jian\nuc3d\TSP.cpp">
      <Filter>jian\nuc3d</Filter>
    </ClCompile>
    <ClCompile Include="..\..\lib\jian\nuc3d\ParseHelix.cpp">
      <Filter>jian\nuc3d</Filter>
    </ClCompile>
    <ClCompile Include="..\..\lib\jian\nuc3d\split.cpp">
      <Filter>jian\nuc3d</Filter>
    </ClCompile>
    <ClCompile Include="..\..\lib\jian\nuc3d\TemplRec.cpp">
      <Filter>jian\nuc3d</Filter>
    </ClCompile>
    <ClCompile Include="..\..\lib\jian\nuc3d\transform.cpp">
      <Filter>jian\nuc3d</Filter>
    </ClCompile>
    <ClCompile Include="..\..\lib\jian\dg\DG.cpp">
      <Filter>jian\dg</Filter>
    </ClCompile>
    <ClCompile Include="..\..\lib\jian\dg\DihBound.cpp">
      <Filter>jian\dg</Filter>
    </ClCompile>
    <ClCompile Include="..\..\lib\jian\dg\Gradient.cpp">
      <Filter>jian\dg</Filter>
    </ClCompile>
    <ClCompile Include="..\..\lib\jian\dg\smooth.cpp">
      <Filter>jian\dg</Filter>
    </ClCompile>
    <ClCompile Include="..\..\lib\jian\qhmc\HeadHairpin.cpp">
      <Filter>jian\qhmc</Filter>
    </ClCompile>
    <ClCompile Include="..\..\lib\jian\qhmc\Helix.cpp">
      <Filter>jian\qhmc</Filter>
    </ClCompile>
    <ClCompile Include="..\..\lib\jian\qhmc\Loop.cpp">
      <Filter>jian\qhmc</Filter>
    </ClCompile>
    <ClCompile Include="..\..\lib\jian\qhmc\Module.cpp">
      <Filter>jian\qhmc</Filter>
    </ClCompile>
    <ClCompile Include="..\..\lib\jian\qhmc\TailHairpin.cpp">
      <Filter>jian\qhmc</Filter>
    </ClCompile>
    <ClCompile Include="..\..\lib\jian\dhmc\DHMC.cpp">
      <Filter>jian\dhmc</Filter>
    </ClCompile>
    <ClCompile Include="..\..\lib\jian\thmc\THeadHairpin.cpp">
      <Filter>jian\thmc</Filter>
    </ClCompile>
    <ClCompile Include="..\..\lib\jian\thmc\THelix.cpp">
      <Filter>jian\thmc</Filter>
    </ClCompile>
    <ClCompile Include="..\..\lib\jian\thmc\TLoop.cpp">
      <Filter>jian\thmc</Filter>
    </ClCompile>
    <ClCompile Include="..\..\lib\jian\thmc\TModule.cpp">
      <Filter>jian\thmc</Filter>
    </ClCompile>
    <ClCompile Include="..\..\lib\jian\thmc\TTailHairpin.cpp">
      <Filter>jian\thmc</Filter>
    </ClCompile>
    <ClCompile Include="..\..\lib\jian\mc\MC.cpp">
      <Filter>jian\mc</Filter>
    </ClCompile>
    <ClCompile Include="..\..\lib\jian\matrix\Mat4.cpp">
      <Filter>jian\matrix</Filter>
    </ClCompile>
    <ClCompile Include="..\..\lib\jian\matrix\Mat5.cpp">
      <Filter>jian\matrix</Filter>
    </ClCompile>
    <ClCompile Include="..\..\lib\jian\matrix\MatBase.hpp">
      <Filter>jian\matrix</Filter>
    </ClCompile>
    <ClCompile Include="..\..\lib\jian\cg\CG.cpp">
      <Filter>jian\cg</Filter>
    </ClCompile>
    <ClCompile Include="..\..\lib\jian\cg\CG1p.cpp">
      <Filter>jian\cg</Filter>
    </ClCompile>
    <ClCompile Include="..\..\lib\jian\cg\CG6p.cpp">
      <Filter>jian\cg</Filter>
    </ClCompile>
    <ClCompile Include="..\..\lib\jian\cg\CGaa.cpp">
      <Filter>jian\cg</Filter>
    </ClCompile>
    <ClCompile Include="..\..\lib\jian\cg\CGpsb.cpp">
      <Filter>jian\cg</Filter>
    </ClCompile>
    <ClCompile Include="..\..\lib\jian\cg\CompleteResidue.cpp">
      <Filter>jian\cg</Filter>
    </ClCompile>
    <ClCompile Include="..\..\lib\jian\cg\Frags.cpp">
      <Filter>jian\cg</Filter>
    </ClCompile>
    <ClCompile Include="..\..\lib\jian\dca\Dca.cpp">
      <Filter>jian\dca</Filter>
    </ClCompile>
    <ClCompile Include="..\..\lib\jian\dca\MfDca.cpp">
      <Filter>jian\dca</Filter>
    </ClCompile>
    <ClCompile Include="..\..\lib\jian\dca\MpDca.cpp">
      <Filter>jian\dca</Filter>
    </ClCompile>
    <ClCompile Include="..\..\lib\jian\dca\ss_pairs.cpp">
      <Filter>jian\dca</Filter>
    </ClCompile>
    <ClCompile Include="..\..\lib\jian\lrsp\ss_complete.cpp">
      <Filter>jian\lrsp</Filter>
    </ClCompile>
    <ClCompile Include="..\..\lib\jian\lrsp\ss_del_sm_hp.cpp">
      <Filter>jian\lrsp</Filter>
    </ClCompile>
    <ClCompile Include="..\..\lib\jian\lrsp\ss_hp_pred.cpp">
      <Filter>jian\lrsp</Filter>
    </ClCompile>
    <ClCompile Include="..\..\lib\jian\scoring\DihAnal.cpp">
      <Filter>jian\scoring</Filter>
    </ClCompile>
    <ClCompile Include="..\..\lib\jian\scoring\DistAnal.cpp">
      <Filter>jian\scoring</Filter>
    </ClCompile>
    <ClCompile Include="..\..\lib\jian\scoring\new_score.cpp">
      <Filter>jian\scoring</Filter>
    </ClCompile>
    <ClCompile Include="..\..\lib\jian\scoring\ParBp.cpp">
      <Filter>jian\scoring</Filter>
    </ClCompile>
    <ClCompile Include="..\..\lib\jian\scoring\Score.cpp">
      <Filter>jian\scoring</Filter>
    </ClCompile>
    <ClCompile Include="..\..\lib\jian\scoring\Score1p.cpp">
      <Filter>jian\scoring</Filter>
    </ClCompile>
    <ClCompile Include="..\..\lib\jian\scoring\Score6p.cpp">
      <Filter>jian\scoring</Filter>
    </ClCompile>
    <ClCompile Include="..\..\lib\jian\scoring\ScoreAa.cpp">
      <Filter>jian\scoring</Filter>
    </ClCompile>
    <ClCompile Include="..\..\lib\jian\scoring\ScorePsb.cpp">
      <Filter>jian\scoring</Filter>
    </ClCompile>
    <ClCompile Include="..\..\lib\jian\mpi\MPI.cpp">
      <Filter>jian\mpi</Filter>
    </ClCompile>
  </ItemGroup>
  <ItemGroup>
    <ClInclude Include="UnitTest.hpp">
      <Filter>test</Filter>
    </ClInclude>
    <ClInclude Include="..\..\lib\jian\cg.hpp">
      <Filter>jian</Filter>
    </ClInclude>
    <ClInclude Include="..\..\lib\jian\dca.hpp">
      <Filter>jian</Filter>
    </ClInclude>
    <ClInclude Include="..\..\lib\jian\dg.hpp">
      <Filter>jian</Filter>
    </ClInclude>
    <ClInclude Include="..\..\lib\jian\dhmc.hpp">
      <Filter>jian</Filter>
    </ClInclude>
    <ClInclude Include="..\..\lib\jian\geom.hpp">
      <Filter>jian</Filter>
    </ClInclude>
    <ClInclude Include="..\..\lib\jian\jian.hpp">
      <Filter>jian</Filter>
    </ClInclude>
    <ClInclude Include="..\..\lib\jian\matrix.hpp">
      <Filter>jian</Filter>
    </ClInclude>
    <ClInclude Include="..\..\lib\jian\mc.hpp">
      <Filter>jian</Filter>
    </ClInclude>
    <ClInclude Include="..\..\lib\jian\mcsm.hpp">
      <Filter>jian</Filter>
    </ClInclude>
    <ClInclude Include="..\..\lib\jian\md.hpp">
      <Filter>jian</Filter>
    </ClInclude>
    <ClInclude Include="..\..\lib\jian\mpi.hpp">
      <Filter>jian</Filter>
    </ClInclude>
    <ClInclude Include="..\..\lib\jian\mpl.hpp">
      <Filter>jian</Filter>
    </ClInclude>
    <ClInclude Include="..\..\lib\jian\nuc2d.hpp">
      <Filter>jian</Filter>
    </ClInclude>
    <ClInclude Include="..\..\lib\jian\nuc3d.hpp">
      <Filter>jian</Filter>
    </ClInclude>
    <ClInclude Include="..\..\lib\jian\pdb.hpp">
      <Filter>jian</Filter>
    </ClInclude>
    <ClInclude Include="..\..\lib\jian\pp.hpp">
      <Filter>jian</Filter>
    </ClInclude>
    <ClInclude Include="..\..\lib\jian\qhmc.hpp">
      <Filter>jian</Filter>
    </ClInclude>
    <ClInclude Include="..\..\lib\jian\scoring.hpp">
      <Filter>jian</Filter>
    </ClInclude>
    <ClInclude Include="..\..\lib\jian\script.hpp">
      <Filter>jian</Filter>
    </ClInclude>
    <ClInclude Include="..\..\lib\jian\socket.hpp">
      <Filter>jian</Filter>
    </ClInclude>
    <ClInclude Include="..\..\lib\jian\thmc.hpp">
      <Filter>jian</Filter>
    </ClInclude>
    <ClInclude Include="..\..\lib\jian\utils.hpp">
      <Filter>jian</Filter>
    </ClInclude>
    <ClInclude Include="..\..\lib\jian\utils\Cluster.hpp">
      <Filter>jian\utils</Filter>
    </ClInclude>
    <ClInclude Include="..\..\lib\jian\utils\control.hpp">
      <Filter>jian\utils</Filter>
    </ClInclude>
    <ClInclude Include="..\..\lib\jian\utils\DBSCAN.hpp">
      <Filter>jian\utils</Filter>
    </ClInclude>
    <ClInclude Include="..\..\lib\jian\utils\Debug.hpp">
      <Filter>jian\utils</Filter>
    </ClInclude>
    <ClInclude Include="..\..\lib\jian\utils\Env.hpp">
      <Filter>jian\utils</Filter>
    </ClInclude>
    <ClInclude Include="..\..\lib\jian\utils\exception.hpp">
      <Filter>jian\utils</Filter>
    </ClInclude>
    <ClInclude Include="..\..\lib\jian\utils\Factory.hpp">
      <Filter>jian\utils</Filter>
    </ClInclude>
    <ClInclude Include="..\..\lib\jian\utils\file.hpp">
      <Filter>jian\utils</Filter>
    </ClInclude>
    <ClInclude Include="..\..\lib\jian\utils\FSM.hpp">
      <Filter>jian\utils</Filter>
    </ClInclude>
    <ClInclude Include="..\..\lib\jian\utils\fun.hpp">
      <Filter>jian\utils</Filter>
    </ClInclude>
    <ClInclude Include="..\..\lib\jian\utils\KMeans.hpp">
      <Filter>jian\utils</Filter>
    </ClInclude>
    <ClInclude Include="..\..\lib\jian\utils\lexical_cast.hpp">
      <Filter>jian\utils</Filter>
    </ClInclude>
    <ClInclude Include="..\..\lib\jian\utils\Lib.hpp">
      <Filter>jian\utils</Filter>
    </ClInclude>
    <ClInclude Include="..\..\lib\jian\utils\ListRange.hpp">
      <Filter>jian\utils</Filter>
    </ClInclude>
    <ClInclude Include="..\..\lib\jian\utils\log.hpp">
      <Filter>jian\utils</Filter>
    </ClInclude>
    <ClInclude Include="..\..\lib\jian\utils\ls.hpp">
      <Filter>jian\utils</Filter>
    </ClInclude>
    <ClInclude Include="..\..\lib\jian\utils\math.hpp">
      <Filter>jian\utils</Filter>
    </ClInclude>
    <ClInclude Include="..\..\lib\jian\utils\Par.hpp">
      <Filter>jian\utils</Filter>
    </ClInclude>
    <ClInclude Include="..\..\lib\jian\utils\platform.hpp">
      <Filter>jian\utils</Filter>
    </ClInclude>
    <ClInclude Include="..\..\lib\jian\utils\queue.h">
      <Filter>jian\utils</Filter>
    </ClInclude>
    <ClInclude Include="..\..\lib\jian\utils\rand.hpp">
      <Filter>jian\utils</Filter>
    </ClInclude>
    <ClInclude Include="..\..\lib\jian\utils\Range.hpp">
      <Filter>jian\utils</Filter>
    </ClInclude>
    <ClInclude Include="..\..\lib\jian\utils\Serial.hpp">
      <Filter>jian\utils</Filter>
    </ClInclude>
    <ClInclude Include="..\..\lib\jian\utils\string.hpp">
      <Filter>jian\utils</Filter>
    </ClInclude>
    <ClInclude Include="..\..\lib\jian\utils\Time.hpp">
      <Filter>jian\utils</Filter>
    </ClInclude>
    <ClInclude Include="..\..\lib\jian\utils\Trace.hpp">
      <Filter>jian\utils</Filter>
    </ClInclude>
    <ClInclude Include="..\..\lib\jian\utils\traits.hpp">
      <Filter>jian\utils</Filter>
    </ClInclude>
    <ClInclude Include="..\..\lib\jian\utils\tree.h">
      <Filter>jian\utils</Filter>
    </ClInclude>
    <ClInclude Include="..\..\lib\jian\utils\Tree.hpp">
      <Filter>jian\utils</Filter>
    </ClInclude>
    <ClInclude Include="..\..\lib\jian\mcsm\MCSM.hpp">
      <Filter>jian\mcsm</Filter>
    </ClInclude>
    <ClInclude Include="..\..\lib\jian\mcsm\McsmBase.hpp">
      <Filter>jian\mcsm</Filter>
    </ClInclude>
    <ClInclude Include="..\..\lib\jian\pdb\Atom.hpp">
      <Filter>jian\pdb</Filter>
    </ClInclude>
    <ClInclude Include="..\..\lib\jian\pdb\Chain.hpp">
      <Filter>jian\pdb</Filter>
    </ClInclude>
    <ClInclude Include="..\..\lib\jian\pdb\CifFileParser.hpp">
      <Filter>jian\pdb</Filter>
    </ClInclude>
    <ClInclude Include="..\..\lib\jian\pdb\io.hpp">
      <Filter>jian\pdb</Filter>
    </ClInclude>
    <ClInclude Include="..\..\lib\jian\pdb\Model.hpp">
      <Filter>jian\pdb</Filter>
    </ClInclude>
    <ClInclude Include="..\..\lib\jian\pdb\Molecule.hpp">
      <Filter>jian\pdb</Filter>
    </ClInclude>
    <ClInclude Include="..\..\lib\jian\pdb\molmanip.hpp">
      <Filter>jian\pdb</Filter>
    </ClInclude>
    <ClInclude Include="..\..\lib\jian\pdb\MolParser.hpp">
      <Filter>jian\pdb</Filter>
    </ClInclude>
    <ClInclude Include="..\..\lib\jian\pdb\MolSerial.hpp">
      <Filter>jian\pdb</Filter>
    </ClInclude>
    <ClInclude Include="..\..\lib\jian\pdb\names.hpp">
      <Filter>jian\pdb</Filter>
    </ClInclude>
    <ClInclude Include="..\..\lib\jian\pdb\PdbFileParser.hpp">
      <Filter>jian\pdb</Filter>
    </ClInclude>
    <ClInclude Include="..\..\lib\jian\pdb\Residue.hpp">
      <Filter>jian\pdb</Filter>
    </ClInclude>
    <ClInclude Include="..\..\lib\jian\pdb\RNA.hpp">
      <Filter>jian\pdb</Filter>
    </ClInclude>
    <ClInclude Include="..\..\lib\jian\pdb\utils\cluster_chains.hpp">
      <Filter>jian\pdb\utils</Filter>
    </ClInclude>
    <ClInclude Include="..\..\lib\jian\nuc2d\bp.hpp">
      <Filter>jian\nuc2d</Filter>
    </ClInclude>
    <ClInclude Include="..\..\lib\jian\nuc2d\BuildSST.hpp">
      <Filter>jian\nuc2d</Filter>
    </ClInclude>
    <ClInclude Include="..\..\lib\jian\nuc2d\GetSS.hpp">
      <Filter>jian\nuc2d</Filter>
    </ClInclude>
    <ClInclude Include="..\..\lib\jian\nuc2d\helix.hpp">
      <Filter>jian\nuc2d</Filter>
    </ClInclude>
    <ClInclude Include="..\..\lib\jian\nuc2d\Loop.hpp">
      <Filter>jian\nuc2d</Filter>
    </ClInclude>
    <ClInclude Include="..\..\lib\jian\nuc2d\SSE.hpp">
      <Filter>jian\nuc2d</Filter>
    </ClInclude>
    <ClInclude Include="..\..\lib\jian\nuc2d\MergeRings.hpp">
      <Filter>jian\nuc2d</Filter>
    </ClInclude>
    <ClInclude Include="..\..\lib\jian\nuc2d\NASS.hpp">
      <Filter>jian\nuc2d</Filter>
    </ClInclude>
    <ClInclude Include="..\..\lib\jian\nuc2d\PredQuaSS.hpp">
      <Filter>jian\nuc2d</Filter>
    </ClInclude>
    <ClInclude Include="..\..\lib\jian\nuc2d\PredTriSS.hpp">
      <Filter>jian\nuc2d</Filter>
    </ClInclude>
    <ClInclude Include="..\..\lib\jian\nuc2d\res.hpp">
      <Filter>jian\nuc2d</Filter>
    </ClInclude>
    <ClInclude Include="..\..\lib\jian\nuc2d\SST.hpp">
      <Filter>jian\nuc2d</Filter>
    </ClInclude>
    <ClInclude Include="..\..\lib\jian\nuc2d\SSTree.hpp">
      <Filter>jian\nuc2d</Filter>
    </ClInclude>
    <ClInclude Include="..\..\lib\jian\nuc2d\ss_pred.hpp">
      <Filter>jian\nuc2d</Filter>
    </ClInclude>
    <ClInclude Include="..\..\lib\jian\nuc3d\AddPhos.hpp">
      <Filter>jian\nuc3d</Filter>
    </ClInclude>
    <ClInclude Include="..\..\lib\jian\nuc3d\Assemble.hpp">
      <Filter>jian\nuc3d</Filter>
    </ClInclude>
    <ClInclude Include="..\..\lib\jian\nuc3d\BasicPredict3D.hpp">
      <Filter>jian\nuc3d</Filter>
    </ClInclude>
    <ClInclude Include="..\..\lib\jian\nuc3d\BuildChain.hpp">
      <Filter>jian\nuc3d</Filter>
    </ClInclude>
    <ClInclude Include="..\..\lib\jian\nuc3d\BuildHelix.hpp">
      <Filter>jian\nuc3d</Filter>
    </ClInclude>
    <ClInclude Include="..\..\lib\jian\nuc3d\BuildLoopRaw.hpp">
      <Filter>jian\nuc3d</Filter>
    </ClInclude>
    <ClInclude Include="..\..\lib\jian\nuc3d\BuildLoopDG.hpp">
      <Filter>jian\nuc3d</Filter>
    </ClInclude>
    <ClInclude Include="..\..\lib\jian\nuc3d\BuildNuc.hpp">
      <Filter>jian\nuc3d</Filter>
    </ClInclude>
    <ClInclude Include="..\..\lib\jian\nuc3d\BuildStrand.hpp">
      <Filter>jian\nuc3d</Filter>
    </ClInclude>
    <ClInclude Include="..\..\lib\jian\nuc3d\Connect.hpp">
      <Filter>jian\nuc3d</Filter>
    </ClInclude>
    <ClInclude Include="..\..\lib\jian\nuc3d\Constraints.hpp">
      <Filter>jian\nuc3d</Filter>
    </ClInclude>
    <ClInclude Include="..\..\lib\jian\nuc3d\Convert.hpp">
      <Filter>jian\nuc3d</Filter>
    </ClInclude>
    <ClInclude Include="..\..\lib\jian\nuc3d\Format.hpp">
      <Filter>jian\nuc3d</Filter>
    </ClInclude>
    <ClInclude Include="..\..\lib\jian\nuc3d\HelixPar.hpp">
      <Filter>jian\nuc3d</Filter>
    </ClInclude>
    <ClInclude Include="..\..\lib\jian\nuc3d\SampleLoop.hpp">
      <Filter>jian\nuc3d</Filter>
    </ClInclude>
    <ClInclude Include="..\..\lib\jian\nuc3d\TSP.hpp">
      <Filter>jian\nuc3d</Filter>
    </ClInclude>
    <ClInclude Include="..\..\lib\jian\nuc3d\JointHelix.hpp">
      <Filter>jian\nuc3d</Filter>
    </ClInclude>
    <ClInclude Include="..\..\lib\jian\nuc3d\ParseHelix.hpp">
      <Filter>jian\nuc3d</Filter>
    </ClInclude>
    <ClInclude Include="..\..\lib\jian\nuc3d\REMCpsb.hpp">
      <Filter>jian\nuc3d</Filter>
    </ClInclude>
    <ClInclude Include="..\..\lib\jian\nuc3d\split.hpp">
      <Filter>jian\nuc3d</Filter>
    </ClInclude>
    <ClInclude Include="..\..\lib\jian\nuc3d\SplitModel.hpp">
      <Filter>jian\nuc3d</Filter>
    </ClInclude>
    <ClInclude Include="..\..\lib\jian\nuc3d\TemplRec.hpp">
      <Filter>jian\nuc3d</Filter>
    </ClInclude>
    <ClInclude Include="..\..\lib\jian\nuc3d\transform.hpp">
      <Filter>jian\nuc3d</Filter>
    </ClInclude>
    <ClInclude Include="..\..\lib\jian\dg\CG-dev.hpp">
      <Filter>jian\dg</Filter>
    </ClInclude>
    <ClInclude Include="..\..\lib\jian\dg\CG.hpp">
      <Filter>jian\dg</Filter>
    </ClInclude>
    <ClInclude Include="..\..\lib\jian\dg\Constraints.hpp">
      <Filter>jian\dg</Filter>
    </ClInclude>
    <ClInclude Include="..\..\lib\jian\dg\DG.hpp">
      <Filter>jian\dg</Filter>
    </ClInclude>
    <ClInclude Include="..\..\lib\jian\dg\DGImpl.hpp">
      <Filter>jian\dg</Filter>
    </ClInclude>
    <ClInclude Include="..\..\lib\jian\dg\DihBound.hpp">
      <Filter>jian\dg</Filter>
    </ClInclude>
    <ClInclude Include="..\..\lib\jian\dg\Gradient.hpp">
      <Filter>jian\dg</Filter>
    </ClInclude>
    <ClInclude Include="..\..\lib\jian\dg\Job.hpp">
      <Filter>jian\dg</Filter>
    </ClInclude>
    <ClInclude Include="..\..\lib\jian\dg\MC.hpp">
      <Filter>jian\dg</Filter>
    </ClInclude>
    <ClInclude Include="..\..\lib\jian\dg\Move.hpp">
      <Filter>jian\dg</Filter>
    </ClInclude>
    <ClInclude Include="..\..\lib\jian\dg\smooth.hpp">
      <Filter>jian\dg</Filter>
    </ClInclude>
    <ClInclude Include="..\..\lib\jian\dg\Sys.hpp">
      <Filter>jian\dg</Filter>
    </ClInclude>
    <ClInclude Include="..\..\lib\jian\dg\TestMC.hpp">
      <Filter>jian\dg</Filter>
    </ClInclude>
    <ClInclude Include="..\..\lib\jian\dg\_DG.hpp">
      <Filter>jian\dg</Filter>
    </ClInclude>
    <ClInclude Include="..\..\lib\jian\qhmc\HeadHairpin.hpp">
      <Filter>jian\qhmc</Filter>
    </ClInclude>
    <ClInclude Include="..\..\lib\jian\qhmc\Helix.hpp">
      <Filter>jian\qhmc</Filter>
    </ClInclude>
    <ClInclude Include="..\..\lib\jian\qhmc\Loop.hpp">
      <Filter>jian\qhmc</Filter>
    </ClInclude>
    <ClInclude Include="..\..\lib\jian\qhmc\Module.hpp">
      <Filter>jian\qhmc</Filter>
    </ClInclude>
    <ClInclude Include="..\..\lib\jian\qhmc\QHMC.hpp">
      <Filter>jian\qhmc</Filter>
    </ClInclude>
    <ClInclude Include="..\..\lib\jian\qhmc\TailHairpin.hpp">
      <Filter>jian\qhmc</Filter>
    </ClInclude>
    <ClInclude Include="..\..\lib\jian\dhmc\DHMC.hpp">
      <Filter>jian\dhmc</Filter>
    </ClInclude>
    <ClInclude Include="..\..\lib\jian\thmc\THeadHairpin.hpp">
      <Filter>jian\thmc</Filter>
    </ClInclude>
    <ClInclude Include="..\..\lib\jian\thmc\THelix.hpp">
      <Filter>jian\thmc</Filter>
    </ClInclude>
    <ClInclude Include="..\..\lib\jian\thmc\THMC.hpp">
      <Filter>jian\thmc</Filter>
    </ClInclude>
    <ClInclude Include="..\..\lib\jian\thmc\TLoop.hpp">
      <Filter>jian\thmc</Filter>
    </ClInclude>
    <ClInclude Include="..\..\lib\jian\thmc\TModule.hpp">
      <Filter>jian\thmc</Filter>
    </ClInclude>
    <ClInclude Include="..\..\lib\jian\thmc\TTailHairpin.hpp">
      <Filter>jian\thmc</Filter>
    </ClInclude>
    <ClInclude Include="..\..\lib\jian\mc\MC.hpp">
      <Filter>jian\mc</Filter>
    </ClInclude>
    <ClInclude Include="..\..\lib\jian\matrix\Mat3.hpp">
      <Filter>jian\matrix</Filter>
    </ClInclude>
    <ClInclude Include="..\..\lib\jian\matrix\Mat4.hpp">
      <Filter>jian\matrix</Filter>
    </ClInclude>
    <ClInclude Include="..\..\lib\jian\matrix\Mat5.hpp">
      <Filter>jian\matrix</Filter>
    </ClInclude>
    <ClInclude Include="..\..\lib\jian\matrix\traits.hpp">
      <Filter>jian\matrix</Filter>
    </ClInclude>
    <ClInclude Include="..\..\lib\jian\matrix\util.hpp">
      <Filter>jian\matrix</Filter>
    </ClInclude>
    <ClInclude Include="..\..\lib\jian\geom\core.hpp">
      <Filter>jian\geom</Filter>
    </ClInclude>
    <ClInclude Include="..\..\lib\jian\geom\rotate.hpp">
      <Filter>jian\geom</Filter>
    </ClInclude>
    <ClInclude Include="..\..\lib\jian\geom\suppos.hpp">
      <Filter>jian\geom</Filter>
    </ClInclude>
    <ClInclude Include="..\..\lib\jian\cg\CG.hpp">
      <Filter>jian\cg</Filter>
    </ClInclude>
    <ClInclude Include="..\..\lib\jian\cg\CG1p.hpp">
      <Filter>jian\cg</Filter>
    </ClInclude>
    <ClInclude Include="..\..\lib\jian\cg\CG6p.hpp">
      <Filter>jian\cg</Filter>
    </ClInclude>
    <ClInclude Include="..\..\lib\jian\cg\CGaa.hpp">
      <Filter>jian\cg</Filter>
    </ClInclude>
    <ClInclude Include="..\..\lib\jian\cg\CGpsb.hpp">
      <Filter>jian\cg</Filter>
    </ClInclude>
    <ClInclude Include="..\..\lib\jian\cg\CompleteResidue.hpp">
      <Filter>jian\cg</Filter>
    </ClInclude>
    <ClInclude Include="..\..\lib\jian\cg\Frags.hpp">
      <Filter>jian\cg</Filter>
    </ClInclude>
    <ClInclude Include="..\..\lib\jian\dca\Dca.hpp">
      <Filter>jian\dca</Filter>
    </ClInclude>
    <ClInclude Include="..\..\lib\jian\dca\MfDca.hpp">
      <Filter>jian\dca</Filter>
    </ClInclude>
    <ClInclude Include="..\..\lib\jian\dca\MpDca.hpp">
      <Filter>jian\dca</Filter>
    </ClInclude>
    <ClInclude Include="..\..\lib\jian\dca\ss_pairs.hpp">
      <Filter>jian\dca</Filter>
    </ClInclude>
    <ClInclude Include="..\..\lib\jian\lrsp\ss_complete.hpp">
      <Filter>jian\lrsp</Filter>
    </ClInclude>
    <ClInclude Include="..\..\lib\jian\lrsp\ss_del_sm_hp.hpp">
      <Filter>jian\lrsp</Filter>
    </ClInclude>
    <ClInclude Include="..\..\lib\jian\lrsp\ss_hp_pred.hpp">
      <Filter>jian\lrsp</Filter>
    </ClInclude>
    <ClInclude Include="..\..\lib\jian\mpl\algorithm.h">
      <Filter>jian\mpl</Filter>
    </ClInclude>
    <ClInclude Include="..\..\lib\jian\mpl\arithmetic.h">
      <Filter>jian\mpl</Filter>
    </ClInclude>
    <ClInclude Include="..\..\lib\jian\mpl\list.h">
      <Filter>jian\mpl</Filter>
    </ClInclude>
    <ClInclude Include="..\..\lib\jian\mpl\mpl.h">
      <Filter>jian\mpl</Filter>
    </ClInclude>
    <ClInclude Include="..\..\lib\jian\md\MD.h">
      <Filter>jian\md</Filter>
    </ClInclude>
    <ClInclude Include="..\..\lib\jian\scoring\AssessPSB.h">
      <Filter>jian\scoring</Filter>
    </ClInclude>
    <ClInclude Include="..\..\lib\jian\scoring\ParBp.hpp">
      <Filter>jian\scoring</Filter>
    </ClInclude>
    <ClInclude Include="..\..\lib\jian\scoring\ResConf.hpp">
      <Filter>jian\scoring</Filter>
    </ClInclude>
    <ClInclude Include="..\..\lib\jian\scoring\Score.hpp">
      <Filter>jian\scoring</Filter>
    </ClInclude>
    <ClInclude Include="..\..\lib\jian\scoring\DihAnal.hpp">
      <Filter>jian\scoring</Filter>
    </ClInclude>
    <ClInclude Include="..\..\lib\jian\scoring\DistAnal.hpp">
      <Filter>jian\scoring</Filter>
    </ClInclude>
    <ClInclude Include="..\..\lib\jian\scoring\new_score.hpp">
      <Filter>jian\scoring</Filter>
    </ClInclude>
    <ClInclude Include="..\..\lib\jian\scoring\Score1p.hpp">
      <Filter>jian\scoring</Filter>
    </ClInclude>
    <ClInclude Include="..\..\lib\jian\scoring\Score6p.hpp">
      <Filter>jian\scoring</Filter>
    </ClInclude>
    <ClInclude Include="..\..\lib\jian\scoring\ScoreBase.hpp">
      <Filter>jian\scoring</Filter>
    </ClInclude>
    <ClInclude Include="..\..\lib\jian\scoring\ScoreAa.hpp">
      <Filter>jian\scoring</Filter>
    </ClInclude>
    <ClInclude Include="..\..\lib\jian\scoring\ScorePsb.hpp">
      <Filter>jian\scoring</Filter>
    </ClInclude>
    <ClInclude Include="..\..\lib\jian\script\Script.hpp">
      <Filter>jian\script</Filter>
    </ClInclude>
    <ClInclude Include="..\..\lib\jian\socket\Socket.hpp">
      <Filter>jian\socket</Filter>
    </ClInclude>
    <ClInclude Include="..\..\lib\jian\mpi\MPI.hpp">
      <Filter>jian\mpi</Filter>
    </ClInclude>
    <ClInclude Include="..\..\lib\jian\pp\core.hpp">
      <Filter>jian\pp</Filter>
    </ClInclude>
    <ClInclude Include="..\..\lib\jian\pp\map.hpp">
      <Filter>jian\pp</Filter>
    </ClInclude>
  </ItemGroup>
</Project>